// !$*UTF8*$!
{
	archiveVersion = 1;
	classes = {
	};
	objectVersion = 50;
	objects = {

/* Begin PBXBuildFile section */
		341D3534246D157E00A6EB9A /* DetailViewController.swift in Sources */ = {isa = PBXBuildFile; fileRef = 341D3533246D157E00A6EB9A /* DetailViewController.swift */; };
		3428EE69246F931E00B38D13 /* ImageStore.swift in Sources */ = {isa = PBXBuildFile; fileRef = 3428EE68246F931E00B38D13 /* ImageStore.swift */; };
		34A93805246A66E40057D3EA /* AppDelegate.swift in Sources */ = {isa = PBXBuildFile; fileRef = 34A93804246A66E40057D3EA /* AppDelegate.swift */; };
		34A93807246A66E40057D3EA /* SceneDelegate.swift in Sources */ = {isa = PBXBuildFile; fileRef = 34A93806246A66E40057D3EA /* SceneDelegate.swift */; };
		34A9380C246A66E40057D3EA /* Main.storyboard in Resources */ = {isa = PBXBuildFile; fileRef = 34A9380A246A66E40057D3EA /* Main.storyboard */; };
		34A9380E246A66EA0057D3EA /* Assets.xcassets in Resources */ = {isa = PBXBuildFile; fileRef = 34A9380D246A66EA0057D3EA /* Assets.xcassets */; };
		34A93811246A66EA0057D3EA /* LaunchScreen.storyboard in Resources */ = {isa = PBXBuildFile; fileRef = 34A9380F246A66EA0057D3EA /* LaunchScreen.storyboard */; };
		34A9381C246A66EA0057D3EA /* LootLoggerTests.swift in Sources */ = {isa = PBXBuildFile; fileRef = 34A9381B246A66EA0057D3EA /* LootLoggerTests.swift */; };
		34A93827246A66EA0057D3EA /* LootLoggerUITests.swift in Sources */ = {isa = PBXBuildFile; fileRef = 34A93826246A66EA0057D3EA /* LootLoggerUITests.swift */; };
		34A93835246A67620057D3EA /* ItemsViewController.swift in Sources */ = {isa = PBXBuildFile; fileRef = 34A93834246A67620057D3EA /* ItemsViewController.swift */; };
		34A93837246A68050057D3EA /* Item.swift in Sources */ = {isa = PBXBuildFile; fileRef = 34A93836246A68050057D3EA /* Item.swift */; };
		34A93839246A954A0057D3EA /* ItemStore.swift in Sources */ = {isa = PBXBuildFile; fileRef = 34A93838246A954A0057D3EA /* ItemStore.swift */; };
		34FBAE55246BB56B00AFAEA1 /* ItemCell.swift in Sources */ = {isa = PBXBuildFile; fileRef = 34FBAE54246BB56B00AFAEA1 /* ItemCell.swift */; };
/* End PBXBuildFile section */

/* Begin PBXContainerItemProxy section */
		34A93818246A66EA0057D3EA /* PBXContainerItemProxy */ = {
			isa = PBXContainerItemProxy;
			containerPortal = 34A937F9246A66E40057D3EA /* Project object */;
			proxyType = 1;
			remoteGlobalIDString = 34A93800246A66E40057D3EA;
			remoteInfo = LootLogger;
		};
		34A93823246A66EA0057D3EA /* PBXContainerItemProxy */ = {
			isa = PBXContainerItemProxy;
			containerPortal = 34A937F9246A66E40057D3EA /* Project object */;
			proxyType = 1;
			remoteGlobalIDString = 34A93800246A66E40057D3EA;
			remoteInfo = LootLogger;
		};
/* End PBXContainerItemProxy section */

/* Begin PBXFileReference section */
		341D3533246D157E00A6EB9A /* DetailViewController.swift */ = {isa = PBXFileReference; lastKnownFileType = sourcecode.swift; path = DetailViewController.swift; sourceTree = "<group>"; };
		3428EE68246F931E00B38D13 /* ImageStore.swift */ = {isa = PBXFileReference; lastKnownFileType = sourcecode.swift; path = ImageStore.swift; sourceTree = "<group>"; };
		34A93801246A66E40057D3EA /* LootLogger.app */ = {isa = PBXFileReference; explicitFileType = wrapper.application; includeInIndex = 0; path = LootLogger.app; sourceTree = BUILT_PRODUCTS_DIR; };
		34A93804246A66E40057D3EA /* AppDelegate.swift */ = {isa = PBXFileReference; lastKnownFileType = sourcecode.swift; path = AppDelegate.swift; sourceTree = "<group>"; };
		34A93806246A66E40057D3EA /* SceneDelegate.swift */ = {isa = PBXFileReference; lastKnownFileType = sourcecode.swift; path = SceneDelegate.swift; sourceTree = "<group>"; };
		34A9380B246A66E40057D3EA /* Base */ = {isa = PBXFileReference; lastKnownFileType = file.storyboard; name = Base; path = Base.lproj/Main.storyboard; sourceTree = "<group>"; };
		34A9380D246A66EA0057D3EA /* Assets.xcassets */ = {isa = PBXFileReference; lastKnownFileType = folder.assetcatalog; path = Assets.xcassets; sourceTree = "<group>"; };
		34A93810246A66EA0057D3EA /* Base */ = {isa = PBXFileReference; lastKnownFileType = file.storyboard; name = Base; path = Base.lproj/LaunchScreen.storyboard; sourceTree = "<group>"; };
		34A93812246A66EA0057D3EA /* Info.plist */ = {isa = PBXFileReference; lastKnownFileType = text.plist.xml; path = Info.plist; sourceTree = "<group>"; };
		34A93817246A66EA0057D3EA /* LootLoggerTests.xctest */ = {isa = PBXFileReference; explicitFileType = wrapper.cfbundle; includeInIndex = 0; path = LootLoggerTests.xctest; sourceTree = BUILT_PRODUCTS_DIR; };
		34A9381B246A66EA0057D3EA /* LootLoggerTests.swift */ = {isa = PBXFileReference; lastKnownFileType = sourcecode.swift; path = LootLoggerTests.swift; sourceTree = "<group>"; };
		34A9381D246A66EA0057D3EA /* Info.plist */ = {isa = PBXFileReference; lastKnownFileType = text.plist.xml; path = Info.plist; sourceTree = "<group>"; };
		34A93822246A66EA0057D3EA /* LootLoggerUITests.xctest */ = {isa = PBXFileReference; explicitFileType = wrapper.cfbundle; includeInIndex = 0; path = LootLoggerUITests.xctest; sourceTree = BUILT_PRODUCTS_DIR; };
		34A93826246A66EA0057D3EA /* LootLoggerUITests.swift */ = {isa = PBXFileReference; lastKnownFileType = sourcecode.swift; path = LootLoggerUITests.swift; sourceTree = "<group>"; };
		34A93828246A66EA0057D3EA /* Info.plist */ = {isa = PBXFileReference; lastKnownFileType = text.plist.xml; path = Info.plist; sourceTree = "<group>"; };
		34A93834246A67620057D3EA /* ItemsViewController.swift */ = {isa = PBXFileReference; lastKnownFileType = sourcecode.swift; path = ItemsViewController.swift; sourceTree = "<group>"; };
		34A93836246A68050057D3EA /* Item.swift */ = {isa = PBXFileReference; lastKnownFileType = sourcecode.swift; path = Item.swift; sourceTree = "<group>"; };
		34A93838246A954A0057D3EA /* ItemStore.swift */ = {isa = PBXFileReference; lastKnownFileType = sourcecode.swift; path = ItemStore.swift; sourceTree = "<group>"; };
		34FBAE54246BB56B00AFAEA1 /* ItemCell.swift */ = {isa = PBXFileReference; lastKnownFileType = sourcecode.swift; path = ItemCell.swift; sourceTree = "<group>"; };
/* End PBXFileReference section */

/* Begin PBXFrameworksBuildPhase section */
		34A937FE246A66E40057D3EA /* Frameworks */ = {
			isa = PBXFrameworksBuildPhase;
			buildActionMask = 2147483647;
			files = (
			);
			runOnlyForDeploymentPostprocessing = 0;
		};
		34A93814246A66EA0057D3EA /* Frameworks */ = {
			isa = PBXFrameworksBuildPhase;
			buildActionMask = 2147483647;
			files = (
			);
			runOnlyForDeploymentPostprocessing = 0;
		};
		34A9381F246A66EA0057D3EA /* Frameworks */ = {
			isa = PBXFrameworksBuildPhase;
			buildActionMask = 2147483647;
			files = (
			);
			runOnlyForDeploymentPostprocessing = 0;
		};
/* End PBXFrameworksBuildPhase section */

/* Begin PBXGroup section */
		34A937F8246A66E40057D3EA = {
			isa = PBXGroup;
			children = (
				34A93803246A66E40057D3EA /* LootLogger */,
				34A9381A246A66EA0057D3EA /* LootLoggerTests */,
				34A93825246A66EA0057D3EA /* LootLoggerUITests */,
				34A93802246A66E40057D3EA /* Products */,
			);
			sourceTree = "<group>";
		};
		34A93802246A66E40057D3EA /* Products */ = {
			isa = PBXGroup;
			children = (
				34A93801246A66E40057D3EA /* LootLogger.app */,
				34A93817246A66EA0057D3EA /* LootLoggerTests.xctest */,
				34A93822246A66EA0057D3EA /* LootLoggerUITests.xctest */,
			);
			name = Products;
			sourceTree = "<group>";
		};
		34A93803246A66E40057D3EA /* LootLogger */ = {
			isa = PBXGroup;
			children = (
				34A93804246A66E40057D3EA /* AppDelegate.swift */,
				34A93806246A66E40057D3EA /* SceneDelegate.swift */,
				34A9380A246A66E40057D3EA /* Main.storyboard */,
				34A9380D246A66EA0057D3EA /* Assets.xcassets */,
				34A9380F246A66EA0057D3EA /* LaunchScreen.storyboard */,
				34A93812246A66EA0057D3EA /* Info.plist */,
				34A93834246A67620057D3EA /* ItemsViewController.swift */,
				34A93836246A68050057D3EA /* Item.swift */,
				34A93838246A954A0057D3EA /* ItemStore.swift */,
				34FBAE54246BB56B00AFAEA1 /* ItemCell.swift */,
				341D3533246D157E00A6EB9A /* DetailViewController.swift */,
				3428EE68246F931E00B38D13 /* ImageStore.swift */,
			);
			path = LootLogger;
			sourceTree = "<group>";
		};
		34A9381A246A66EA0057D3EA /* LootLoggerTests */ = {
			isa = PBXGroup;
			children = (
				34A9381B246A66EA0057D3EA /* LootLoggerTests.swift */,
				34A9381D246A66EA0057D3EA /* Info.plist */,
			);
			path = LootLoggerTests;
			sourceTree = "<group>";
		};
		34A93825246A66EA0057D3EA /* LootLoggerUITests */ = {
			isa = PBXGroup;
			children = (
				34A93826246A66EA0057D3EA /* LootLoggerUITests.swift */,
				34A93828246A66EA0057D3EA /* Info.plist */,
			);
			path = LootLoggerUITests;
			sourceTree = "<group>";
		};
/* End PBXGroup section */

/* Begin PBXNativeTarget section */
		34A93800246A66E40057D3EA /* LootLogger */ = {
			isa = PBXNativeTarget;
			buildConfigurationList = 34A9382B246A66EA0057D3EA /* Build configuration list for PBXNativeTarget "LootLogger" */;
			buildPhases = (
				34A937FD246A66E40057D3EA /* Sources */,
				34A937FE246A66E40057D3EA /* Frameworks */,
				34A937FF246A66E40057D3EA /* Resources */,
			);
			buildRules = (
			);
			dependencies = (
			);
			name = LootLogger;
			productName = LootLogger;
			productReference = 34A93801246A66E40057D3EA /* LootLogger.app */;
			productType = "com.apple.product-type.application";
		};
		34A93816246A66EA0057D3EA /* LootLoggerTests */ = {
			isa = PBXNativeTarget;
			buildConfigurationList = 34A9382E246A66EA0057D3EA /* Build configuration list for PBXNativeTarget "LootLoggerTests" */;
			buildPhases = (
				34A93813246A66EA0057D3EA /* Sources */,
				34A93814246A66EA0057D3EA /* Frameworks */,
				34A93815246A66EA0057D3EA /* Resources */,
			);
			buildRules = (
			);
			dependencies = (
				34A93819246A66EA0057D3EA /* PBXTargetDependency */,
			);
			name = LootLoggerTests;
			productName = LootLoggerTests;
			productReference = 34A93817246A66EA0057D3EA /* LootLoggerTests.xctest */;
			productType = "com.apple.product-type.bundle.unit-test";
		};
		34A93821246A66EA0057D3EA /* LootLoggerUITests */ = {
			isa = PBXNativeTarget;
			buildConfigurationList = 34A93831246A66EA0057D3EA /* Build configuration list for PBXNativeTarget "LootLoggerUITests" */;
			buildPhases = (
				34A9381E246A66EA0057D3EA /* Sources */,
				34A9381F246A66EA0057D3EA /* Frameworks */,
				34A93820246A66EA0057D3EA /* Resources */,
			);
			buildRules = (
			);
			dependencies = (
				34A93824246A66EA0057D3EA /* PBXTargetDependency */,
			);
			name = LootLoggerUITests;
			productName = LootLoggerUITests;
			productReference = 34A93822246A66EA0057D3EA /* LootLoggerUITests.xctest */;
			productType = "com.apple.product-type.bundle.ui-testing";
		};
/* End PBXNativeTarget section */

/* Begin PBXProject section */
		34A937F9246A66E40057D3EA /* Project object */ = {
			isa = PBXProject;
			attributes = {
				LastSwiftUpdateCheck = 1140;
				LastUpgradeCheck = 1140;
				ORGANIZATIONNAME = SXC;
				TargetAttributes = {
					34A93800246A66E40057D3EA = {
						CreatedOnToolsVersion = 11.4;
					};
					34A93816246A66EA0057D3EA = {
						CreatedOnToolsVersion = 11.4;
						TestTargetID = 34A93800246A66E40057D3EA;
					};
					34A93821246A66EA0057D3EA = {
						CreatedOnToolsVersion = 11.4;
						TestTargetID = 34A93800246A66E40057D3EA;
					};
				};
			};
			buildConfigurationList = 34A937FC246A66E40057D3EA /* Build configuration list for PBXProject "LootLogger" */;
			compatibilityVersion = "Xcode 9.3";
			developmentRegion = en;
			hasScannedForEncodings = 0;
			knownRegions = (
				en,
				Base,
			);
			mainGroup = 34A937F8246A66E40057D3EA;
			productRefGroup = 34A93802246A66E40057D3EA /* Products */;
			projectDirPath = "";
			projectRoot = "";
			targets = (
				34A93800246A66E40057D3EA /* LootLogger */,
				34A93816246A66EA0057D3EA /* LootLoggerTests */,
				34A93821246A66EA0057D3EA /* LootLoggerUITests */,
			);
		};
/* End PBXProject section */

/* Begin PBXResourcesBuildPhase section */
		34A937FF246A66E40057D3EA /* Resources */ = {
			isa = PBXResourcesBuildPhase;
			buildActionMask = 2147483647;
			files = (
				34A93811246A66EA0057D3EA /* LaunchScreen.storyboard in Resources */,
				34A9380E246A66EA0057D3EA /* Assets.xcassets in Resources */,
				34A9380C246A66E40057D3EA /* Main.storyboard in Resources */,
			);
			runOnlyForDeploymentPostprocessing = 0;
		};
		34A93815246A66EA0057D3EA /* Resources */ = {
			isa = PBXResourcesBuildPhase;
			buildActionMask = 2147483647;
			files = (
			);
			runOnlyForDeploymentPostprocessing = 0;
		};
		34A93820246A66EA0057D3EA /* Resources */ = {
			isa = PBXResourcesBuildPhase;
			buildActionMask = 2147483647;
			files = (
			);
			runOnlyForDeploymentPostprocessing = 0;
		};
/* End PBXResourcesBuildPhase section */

/* Begin PBXSourcesBuildPhase section */
		34A937FD246A66E40057D3EA /* Sources */ = {
			isa = PBXSourcesBuildPhase;
			buildActionMask = 2147483647;
			files = (
				34A93837246A68050057D3EA /* Item.swift in Sources */,
				34A93835246A67620057D3EA /* ItemsViewController.swift in Sources */,
				34FBAE55246BB56B00AFAEA1 /* ItemCell.swift in Sources */,
				3428EE69246F931E00B38D13 /* ImageStore.swift in Sources */,
				34A93805246A66E40057D3EA /* AppDelegate.swift in Sources */,
				34A93839246A954A0057D3EA /* ItemStore.swift in Sources */,
				34A93807246A66E40057D3EA /* SceneDelegate.swift in Sources */,
				341D3534246D157E00A6EB9A /* DetailViewController.swift in Sources */,
			);
			runOnlyForDeploymentPostprocessing = 0;
		};
		34A93813246A66EA0057D3EA /* Sources */ = {
			isa = PBXSourcesBuildPhase;
			buildActionMask = 2147483647;
			files = (
				34A9381C246A66EA0057D3EA /* LootLoggerTests.swift in Sources */,
			);
			runOnlyForDeploymentPostprocessing = 0;
		};
		34A9381E246A66EA0057D3EA /* Sources */ = {
			isa = PBXSourcesBuildPhase;
			buildActionMask = 2147483647;
			files = (
				34A93827246A66EA0057D3EA /* LootLoggerUITests.swift in Sources */,
			);
			runOnlyForDeploymentPostprocessing = 0;
		};
/* End PBXSourcesBuildPhase section */

/* Begin PBXTargetDependency section */
		34A93819246A66EA0057D3EA /* PBXTargetDependency */ = {
			isa = PBXTargetDependency;
			target = 34A93800246A66E40057D3EA /* LootLogger */;
			targetProxy = 34A93818246A66EA0057D3EA /* PBXContainerItemProxy */;
		};
		34A93824246A66EA0057D3EA /* PBXTargetDependency */ = {
			isa = PBXTargetDependency;
			target = 34A93800246A66E40057D3EA /* LootLogger */;
			targetProxy = 34A93823246A66EA0057D3EA /* PBXContainerItemProxy */;
		};
/* End PBXTargetDependency section */

/* Begin PBXVariantGroup section */
		34A9380A246A66E40057D3EA /* Main.storyboard */ = {
			isa = PBXVariantGroup;
			children = (
				34A9380B246A66E40057D3EA /* Base */,
			);
			name = Main.storyboard;
			sourceTree = "<group>";
		};
		34A9380F246A66EA0057D3EA /* LaunchScreen.storyboard */ = {
			isa = PBXVariantGroup;
			children = (
				34A93810246A66EA0057D3EA /* Base */,
			);
			name = LaunchScreen.storyboard;
			sourceTree = "<group>";
		};
/* End PBXVariantGroup section */

/* Begin XCBuildConfiguration section */
		34A93829246A66EA0057D3EA /* Debug */ = {
			isa = XCBuildConfiguration;
			buildSettings = {
				ALWAYS_SEARCH_USER_PATHS = NO;
				CLANG_ANALYZER_NONNULL = YES;
				CLANG_ANALYZER_NUMBER_OBJECT_CONVERSION = YES_AGGRESSIVE;
				CLANG_CXX_LANGUAGE_STANDARD = "gnu++14";
				CLANG_CXX_LIBRARY = "libc++";
				CLANG_ENABLE_MODULES = YES;
				CLANG_ENABLE_OBJC_ARC = YES;
				CLANG_ENABLE_OBJC_WEAK = YES;
				CLANG_WARN_BLOCK_CAPTURE_AUTORELEASING = YES;
				CLANG_WARN_BOOL_CONVERSION = YES;
				CLANG_WARN_COMMA = YES;
				CLANG_WARN_CONSTANT_CONVERSION = YES;
				CLANG_WARN_DEPRECATED_OBJC_IMPLEMENTATIONS = YES;
				CLANG_WARN_DIRECT_OBJC_ISA_USAGE = YES_ERROR;
				CLANG_WARN_DOCUMENTATION_COMMENTS = YES;
				CLANG_WARN_EMPTY_BODY = YES;
				CLANG_WARN_ENUM_CONVERSION = YES;
				CLANG_WARN_INFINITE_RECURSION = YES;
				CLANG_WARN_INT_CONVERSION = YES;
				CLANG_WARN_NON_LITERAL_NULL_CONVERSION = YES;
				CLANG_WARN_OBJC_IMPLICIT_RETAIN_SELF = YES;
				CLANG_WARN_OBJC_LITERAL_CONVERSION = YES;
				CLANG_WARN_OBJC_ROOT_CLASS = YES_ERROR;
				CLANG_WARN_RANGE_LOOP_ANALYSIS = YES;
				CLANG_WARN_STRICT_PROTOTYPES = YES;
				CLANG_WARN_SUSPICIOUS_MOVE = YES;
				CLANG_WARN_UNGUARDED_AVAILABILITY = YES_AGGRESSIVE;
				CLANG_WARN_UNREACHABLE_CODE = YES;
				CLANG_WARN__DUPLICATE_METHOD_MATCH = YES;
				COPY_PHASE_STRIP = NO;
				DEBUG_INFORMATION_FORMAT = dwarf;
				ENABLE_STRICT_OBJC_MSGSEND = YES;
				ENABLE_TESTABILITY = YES;
				GCC_C_LANGUAGE_STANDARD = gnu11;
				GCC_DYNAMIC_NO_PIC = NO;
				GCC_NO_COMMON_BLOCKS = YES;
				GCC_OPTIMIZATION_LEVEL = 0;
				GCC_PREPROCESSOR_DEFINITIONS = (
					"DEBUG=1",
					"$(inherited)",
				);
				GCC_WARN_64_TO_32_BIT_CONVERSION = YES;
				GCC_WARN_ABOUT_RETURN_TYPE = YES_ERROR;
				GCC_WARN_UNDECLARED_SELECTOR = YES;
				GCC_WARN_UNINITIALIZED_AUTOS = YES_AGGRESSIVE;
				GCC_WARN_UNUSED_FUNCTION = YES;
				GCC_WARN_UNUSED_VARIABLE = YES;
				IPHONEOS_DEPLOYMENT_TARGET = 13.4;
				MTL_ENABLE_DEBUG_INFO = INCLUDE_SOURCE;
				MTL_FAST_MATH = YES;
				ONLY_ACTIVE_ARCH = YES;
				SDKROOT = iphoneos;
				SWIFT_ACTIVE_COMPILATION_CONDITIONS = DEBUG;
				SWIFT_OPTIMIZATION_LEVEL = "-Onone";
			};
			name = Debug;
		};
		34A9382A246A66EA0057D3EA /* Release */ = {
			isa = XCBuildConfiguration;
			buildSettings = {
				ALWAYS_SEARCH_USER_PATHS = NO;
				CLANG_ANALYZER_NONNULL = YES;
				CLANG_ANALYZER_NUMBER_OBJECT_CONVERSION = YES_AGGRESSIVE;
				CLANG_CXX_LANGUAGE_STANDARD = "gnu++14";
				CLANG_CXX_LIBRARY = "libc++";
				CLANG_ENABLE_MODULES = YES;
				CLANG_ENABLE_OBJC_ARC = YES;
				CLANG_ENABLE_OBJC_WEAK = YES;
				CLANG_WARN_BLOCK_CAPTURE_AUTORELEASING = YES;
				CLANG_WARN_BOOL_CONVERSION = YES;
				CLANG_WARN_COMMA = YES;
				CLANG_WARN_CONSTANT_CONVERSION = YES;
				CLANG_WARN_DEPRECATED_OBJC_IMPLEMENTATIONS = YES;
				CLANG_WARN_DIRECT_OBJC_ISA_USAGE = YES_ERROR;
				CLANG_WARN_DOCUMENTATION_COMMENTS = YES;
				CLANG_WARN_EMPTY_BODY = YES;
				CLANG_WARN_ENUM_CONVERSION = YES;
				CLANG_WARN_INFINITE_RECURSION = YES;
				CLANG_WARN_INT_CONVERSION = YES;
				CLANG_WARN_NON_LITERAL_NULL_CONVERSION = YES;
				CLANG_WARN_OBJC_IMPLICIT_RETAIN_SELF = YES;
				CLANG_WARN_OBJC_LITERAL_CONVERSION = YES;
				CLANG_WARN_OBJC_ROOT_CLASS = YES_ERROR;
				CLANG_WARN_RANGE_LOOP_ANALYSIS = YES;
				CLANG_WARN_STRICT_PROTOTYPES = YES;
				CLANG_WARN_SUSPICIOUS_MOVE = YES;
				CLANG_WARN_UNGUARDED_AVAILABILITY = YES_AGGRESSIVE;
				CLANG_WARN_UNREACHABLE_CODE = YES;
				CLANG_WARN__DUPLICATE_METHOD_MATCH = YES;
				COPY_PHASE_STRIP = NO;
				DEBUG_INFORMATION_FORMAT = "dwarf-with-dsym";
				ENABLE_NS_ASSERTIONS = NO;
				ENABLE_STRICT_OBJC_MSGSEND = YES;
				GCC_C_LANGUAGE_STANDARD = gnu11;
				GCC_NO_COMMON_BLOCKS = YES;
				GCC_WARN_64_TO_32_BIT_CONVERSION = YES;
				GCC_WARN_ABOUT_RETURN_TYPE = YES_ERROR;
				GCC_WARN_UNDECLARED_SELECTOR = YES;
				GCC_WARN_UNINITIALIZED_AUTOS = YES_AGGRESSIVE;
				GCC_WARN_UNUSED_FUNCTION = YES;
				GCC_WARN_UNUSED_VARIABLE = YES;
				IPHONEOS_DEPLOYMENT_TARGET = 13.4;
				MTL_ENABLE_DEBUG_INFO = NO;
				MTL_FAST_MATH = YES;
				SDKROOT = iphoneos;
				SWIFT_COMPILATION_MODE = wholemodule;
				SWIFT_OPTIMIZATION_LEVEL = "-O";
				VALIDATE_PRODUCT = YES;
			};
			name = Release;
		};
		34A9382C246A66EA0057D3EA /* Debug */ = {
			isa = XCBuildConfiguration;
			buildSettings = {
				ASSETCATALOG_COMPILER_APPICON_NAME = AppIcon;
				CODE_SIGN_STYLE = Automatic;
				DEVELOPMENT_TEAM = SX2P37942F;
				INFOPLIST_FILE = LootLogger/Info.plist;
				LD_RUNPATH_SEARCH_PATHS = (
					"$(inherited)",
					"@executable_path/Frameworks",
				);
				PRODUCT_BUNDLE_IDENTIFIER = com.shenxiaochun.LootLogger;
				PRODUCT_NAME = "$(TARGET_NAME)";
				SWIFT_VERSION = 5.0;
				TARGETED_DEVICE_FAMILY = "1,2";
			};
			name = Debug;
		};
		34A9382D246A66EA0057D3EA /* Release */ = {
			isa = XCBuildConfiguration;
			buildSettings = {
				ASSETCATALOG_COMPILER_APPICON_NAME = AppIcon;
				CODE_SIGN_STYLE = Automatic;
				DEVELOPMENT_TEAM = SX2P37942F;
				INFOPLIST_FILE = LootLogger/Info.plist;
				LD_RUNPATH_SEARCH_PATHS = (
					"$(inherited)",
					"@executable_path/Frameworks",
				);
				PRODUCT_BUNDLE_IDENTIFIER = com.shenxiaochun.LootLogger;
				PRODUCT_NAME = "$(TARGET_NAME)";
				SWIFT_VERSION = 5.0;
				TARGETED_DEVICE_FAMILY = "1,2";
			};
			name = Release;
		};
		34A9382F246A66EA0057D3EA /* Debug */ = {
			isa = XCBuildConfiguration;
			buildSettings = {
				ALWAYS_EMBED_SWIFT_STANDARD_LIBRARIES = YES;
				BUNDLE_LOADER = "$(TEST_HOST)";
				CODE_SIGN_STYLE = Automatic;
				DEVELOPMENT_TEAM = SX2P37942F;
				INFOPLIST_FILE = LootLoggerTests/Info.plist;
				IPHONEOS_DEPLOYMENT_TARGET = 13.4;
				LD_RUNPATH_SEARCH_PATHS = (
					"$(inherited)",
					"@executable_path/Frameworks",
					"@loader_path/Frameworks",
				);
				PRODUCT_BUNDLE_IDENTIFIER = com.shenxiaochun.LootLoggerTests;
				PRODUCT_NAME = "$(TARGET_NAME)";
				SWIFT_VERSION = 5.0;
				TARGETED_DEVICE_FAMILY = "1,2";
				TEST_HOST = "$(BUILT_PRODUCTS_DIR)/LootLogger.app/LootLogger";
			};
			name = Debug;
		};
		34A93830246A66EA0057D3EA /* Release */ = {
			isa = XCBuildConfiguration;
			buildSettings = {
				ALWAYS_EMBED_SWIFT_STANDARD_LIBRARIES = YES;
				BUNDLE_LOADER = "$(TEST_HOST)";
				CODE_SIGN_STYLE = Automatic;
				DEVELOPMENT_TEAM = SX2P37942F;
				INFOPLIST_FILE = LootLoggerTests/Info.plist;
				IPHONEOS_DEPLOYMENT_TARGET = 13.4;
				LD_RUNPATH_SEARCH_PATHS = (
					"$(inherited)",
					"@executable_path/Frameworks",
					"@loader_path/Frameworks",
				);
				PRODUCT_BUNDLE_IDENTIFIER = com.shenxiaochun.LootLoggerTests;
				PRODUCT_NAME = "$(TARGET_NAME)";
				SWIFT_VERSION = 5.0;
				TARGETED_DEVICE_FAMILY = "1,2";
				TEST_HOST = "$(BUILT_PRODUCTS_DIR)/LootLogger.app/LootLogger";
			};
			name = Release;
		};
		34A93832246A66EA0057D3EA /* Debug */ = {
			isa = XCBuildConfiguration;
			buildSettings = {
				ALWAYS_EMBED_SWIFT_STANDARD_LIBRARIES = YES;
				CODE_SIGN_STYLE = Automatic;
				DEVELOPMENT_TEAM = SX2P37942F;
				INFOPLIST_FILE = LootLoggerUITests/Info.plist;
				LD_RUNPATH_SEARCH_PATHS = (
					"$(inherited)",
					"@executable_path/Frameworks",
					"@loader_path/Frameworks",
				);
				PRODUCT_BUNDLE_IDENTIFIER = com.shenxiaochun.LootLoggerUITests;
				PRODUCT_NAME = "$(TARGET_NAME)";
				SWIFT_VERSION = 5.0;
				TARGETED_DEVICE_FAMILY = "1,2";
				TEST_TARGET_NAME = LootLogger;
			};
			name = Debug;
		};
		34A93833246A66EA0057D3EA /* Release */ = {
			isa = XCBuildConfiguration;
			buildSettings = {
				ALWAYS_EMBED_SWIFT_STANDARD_LIBRARIES = YES;
				CODE_SIGN_STYLE = Automatic;
				DEVELOPMENT_TEAM = SX2P37942F;
				INFOPLIST_FILE = LootLoggerUITests/Info.plist;
				LD_RUNPATH_SEARCH_PATHS = (
					"$(inherited)",
					"@executable_path/Frameworks",
					"@loader_path/Frameworks",
				);
				PRODUCT_BUNDLE_IDENTIFIER = com.shenxiaochun.LootLoggerUITests;
				PRODUCT_NAME = "$(TARGET_NAME)";
				SWIFT_VERSION = 5.0;
				TARGETED_DEVICE_FAMILY = "1,2";
				TEST_TARGET_NAME = LootLogger;
			};
			name = Release;
		};
/* End XCBuildConfiguration section */

/* Begin XCConfigurationList section */
		34A937FC246A66E40057D3EA /* Build configuration list for PBXProject "LootLogger" */ = {
			isa = XCConfigurationList;
			buildConfigurations = (
				34A93829246A66EA0057D3EA /* Debug */,
				34A9382A246A66EA0057D3EA /* Release */,
			);
			defaultConfigurationIsVisible = 0;
			defaultConfigurationName = Release;
		};
		34A9382B246A66EA0057D3EA /* Build configuration list for PBXNativeTarget "LootLogger" */ = {
			isa = XCConfigurationList;
			buildConfigurations = (
				34A9382C246A66EA0057D3EA /* Debug */,
				34A9382D246A66EA0057D3EA /* Release */,
			);
			defaultConfigurationIsVisible = 0;
			defaultConfigurationName = Release;
		};
		34A9382E246A66EA0057D3EA /* Build configuration list for PBXNativeTarget "LootLoggerTests" */ = {
			isa = XCConfigurationList;
			buildConfigurations = (
				34A9382F246A66EA0057D3EA /* Debug */,
				34A93830246A66EA0057D3EA /* Release */,
			);
			defaultConfigurationIsVisible = 0;
			defaultConfigurationName = Release;
		};
		34A93831246A66EA0057D3EA /* Build configuration list for PBXNativeTarget "LootLoggerUITests" */ = {
			isa = XCConfigurationList;
			buildConfigurations = (
				34A93832246A66EA0057D3EA /* Debug */,
				34A93833246A66EA0057D3EA /* Release */,
			);
			defaultConfigurationIsVisible = 0;
			defaultConfigurationName = Release;
		};
/* End XCConfigurationList section */
	};
	rootObject = 34A937F9246A66E40057D3EA /* Project object */;
}
