// !$*UTF8*$!
{
	archiveVersion = 1;
	classes = {
	};
	objectVersion = 50;
	objects = {

/* Begin PBXBuildFile section */
		34739457247E348D00E9B970 /* Photo.swift in Sources */ = {isa = PBXBuildFile; fileRef = 34739456247E348D00E9B970 /* Photo.swift */; };
		34FCF5ED247CD9EE0081B28B /* AppDelegate.swift in Sources */ = {isa = PBXBuildFile; fileRef = 34FCF5EC247CD9EE0081B28B /* AppDelegate.swift */; };
		34FCF5EF247CD9EE0081B28B /* SceneDelegate.swift in Sources */ = {isa = PBXBuildFile; fileRef = 34FCF5EE247CD9EE0081B28B /* SceneDelegate.swift */; };
		34FCF5F1247CD9EE0081B28B /* PhotosViewController.swift in Sources */ = {isa = PBXBuildFile; fileRef = 34FCF5F0247CD9EE0081B28B /* PhotosViewController.swift */; };
		34FCF5F4247CD9EE0081B28B /* Main.storyboard in Resources */ = {isa = PBXBuildFile; fileRef = 34FCF5F2247CD9EE0081B28B /* Main.storyboard */; };
		34FCF5F6247CD9F20081B28B /* Assets.xcassets in Resources */ = {isa = PBXBuildFile; fileRef = 34FCF5F5247CD9F20081B28B /* Assets.xcassets */; };
		34FCF5F9247CD9F20081B28B /* LaunchScreen.storyboard in Resources */ = {isa = PBXBuildFile; fileRef = 34FCF5F7247CD9F20081B28B /* LaunchScreen.storyboard */; };
		34FCF604247CD9F30081B28B /* FlickrDemoTests.swift in Sources */ = {isa = PBXBuildFile; fileRef = 34FCF603247CD9F30081B28B /* FlickrDemoTests.swift */; };
		34FCF60F247CD9F30081B28B /* FlickrDemoUITests.swift in Sources */ = {isa = PBXBuildFile; fileRef = 34FCF60E247CD9F30081B28B /* FlickrDemoUITests.swift */; };
		34FCF61D247CDC9A0081B28B /* FlickrAPI.swift in Sources */ = {isa = PBXBuildFile; fileRef = 34FCF61C247CDC9A0081B28B /* FlickrAPI.swift */; };
		34FCF61F247CE6AF0081B28B /* PhotoStore.swift in Sources */ = {isa = PBXBuildFile; fileRef = 34FCF61E247CE6AF0081B28B /* PhotoStore.swift */; };
/* End PBXBuildFile section */

/* Begin PBXContainerItemProxy section */
		34FCF600247CD9F20081B28B /* PBXContainerItemProxy */ = {
			isa = PBXContainerItemProxy;
			containerPortal = 34FCF5E1247CD9EE0081B28B /* Project object */;
			proxyType = 1;
			remoteGlobalIDString = 34FCF5E8247CD9EE0081B28B;
			remoteInfo = FlickrDemo;
		};
		34FCF60B247CD9F30081B28B /* PBXContainerItemProxy */ = {
			isa = PBXContainerItemProxy;
			containerPortal = 34FCF5E1247CD9EE0081B28B /* Project object */;
			proxyType = 1;
			remoteGlobalIDString = 34FCF5E8247CD9EE0081B28B;
			remoteInfo = FlickrDemo;
		};
/* End PBXContainerItemProxy section */

/* Begin PBXFileReference section */
		34739456247E348D00E9B970 /* Photo.swift */ = {isa = PBXFileReference; lastKnownFileType = sourcecode.swift; path = Photo.swift; sourceTree = "<group>"; };
		34FCF5E9247CD9EE0081B28B /* FlickrDemo.app */ = {isa = PBXFileReference; explicitFileType = wrapper.application; includeInIndex = 0; path = FlickrDemo.app; sourceTree = BUILT_PRODUCTS_DIR; };
		34FCF5EC247CD9EE0081B28B /* AppDelegate.swift */ = {isa = PBXFileReference; lastKnownFileType = sourcecode.swift; path = AppDelegate.swift; sourceTree = "<group>"; };
		34FCF5EE247CD9EE0081B28B /* SceneDelegate.swift */ = {isa = PBXFileReference; lastKnownFileType = sourcecode.swift; path = SceneDelegate.swift; sourceTree = "<group>"; };
		34FCF5F0247CD9EE0081B28B /* PhotosViewController.swift */ = {isa = PBXFileReference; lastKnownFileType = sourcecode.swift; path = PhotosViewController.swift; sourceTree = "<group>"; };
		34FCF5F3247CD9EE0081B28B /* Base */ = {isa = PBXFileReference; lastKnownFileType = file.storyboard; name = Base; path = Base.lproj/Main.storyboard; sourceTree = "<group>"; };
		34FCF5F5247CD9F20081B28B /* Assets.xcassets */ = {isa = PBXFileReference; lastKnownFileType = folder.assetcatalog; path = Assets.xcassets; sourceTree = "<group>"; };
		34FCF5F8247CD9F20081B28B /* Base */ = {isa = PBXFileReference; lastKnownFileType = file.storyboard; name = Base; path = Base.lproj/LaunchScreen.storyboard; sourceTree = "<group>"; };
		34FCF5FA247CD9F20081B28B /* Info.plist */ = {isa = PBXFileReference; lastKnownFileType = text.plist.xml; path = Info.plist; sourceTree = "<group>"; };
		34FCF5FF247CD9F20081B28B /* FlickrDemoTests.xctest */ = {isa = PBXFileReference; explicitFileType = wrapper.cfbundle; includeInIndex = 0; path = FlickrDemoTests.xctest; sourceTree = BUILT_PRODUCTS_DIR; };
		34FCF603247CD9F30081B28B /* FlickrDemoTests.swift */ = {isa = PBXFileReference; lastKnownFileType = sourcecode.swift; path = FlickrDemoTests.swift; sourceTree = "<group>"; };
		34FCF605247CD9F30081B28B /* Info.plist */ = {isa = PBXFileReference; lastKnownFileType = text.plist.xml; path = Info.plist; sourceTree = "<group>"; };
		34FCF60A247CD9F30081B28B /* FlickrDemoUITests.xctest */ = {isa = PBXFileReference; explicitFileType = wrapper.cfbundle; includeInIndex = 0; path = FlickrDemoUITests.xctest; sourceTree = BUILT_PRODUCTS_DIR; };
		34FCF60E247CD9F30081B28B /* FlickrDemoUITests.swift */ = {isa = PBXFileReference; lastKnownFileType = sourcecode.swift; path = FlickrDemoUITests.swift; sourceTree = "<group>"; };
		34FCF610247CD9F30081B28B /* Info.plist */ = {isa = PBXFileReference; lastKnownFileType = text.plist.xml; path = Info.plist; sourceTree = "<group>"; };
		34FCF61C247CDC9A0081B28B /* FlickrAPI.swift */ = {isa = PBXFileReference; lastKnownFileType = sourcecode.swift; path = FlickrAPI.swift; sourceTree = "<group>"; };
		34FCF61E247CE6AF0081B28B /* PhotoStore.swift */ = {isa = PBXFileReference; lastKnownFileType = sourcecode.swift; path = PhotoStore.swift; sourceTree = "<group>"; };
/* End PBXFileReference section */

/* Begin PBXFrameworksBuildPhase section */
		34FCF5E6247CD9EE0081B28B /* Frameworks */ = {
			isa = PBXFrameworksBuildPhase;
			buildActionMask = 2147483647;
			files = (
			);
			runOnlyForDeploymentPostprocessing = 0;
		};
		34FCF5FC247CD9F20081B28B /* Frameworks */ = {
			isa = PBXFrameworksBuildPhase;
			buildActionMask = 2147483647;
			files = (
			);
			runOnlyForDeploymentPostprocessing = 0;
		};
		34FCF607247CD9F30081B28B /* Frameworks */ = {
			isa = PBXFrameworksBuildPhase;
			buildActionMask = 2147483647;
			files = (
			);
			runOnlyForDeploymentPostprocessing = 0;
		};
/* End PBXFrameworksBuildPhase section */

/* Begin PBXGroup section */
		34FCF5E0247CD9EE0081B28B = {
			isa = PBXGroup;
			children = (
				34FCF5EB247CD9EE0081B28B /* FlickrDemo */,
				34FCF602247CD9F30081B28B /* FlickrDemoTests */,
				34FCF60D247CD9F30081B28B /* FlickrDemoUITests */,
				34FCF5EA247CD9EE0081B28B /* Products */,
			);
			sourceTree = "<group>";
		};
		34FCF5EA247CD9EE0081B28B /* Products */ = {
			isa = PBXGroup;
			children = (
				34FCF5E9247CD9EE0081B28B /* FlickrDemo.app */,
				34FCF5FF247CD9F20081B28B /* FlickrDemoTests.xctest */,
				34FCF60A247CD9F30081B28B /* FlickrDemoUITests.xctest */,
			);
			name = Products;
			sourceTree = "<group>";
		};
		34FCF5EB247CD9EE0081B28B /* FlickrDemo */ = {
			isa = PBXGroup;
			children = (
				34FCF5EC247CD9EE0081B28B /* AppDelegate.swift */,
				34FCF5EE247CD9EE0081B28B /* SceneDelegate.swift */,
				34FCF5F0247CD9EE0081B28B /* PhotosViewController.swift */,
				34FCF5F2247CD9EE0081B28B /* Main.storyboard */,
				34FCF5F5247CD9F20081B28B /* Assets.xcassets */,
				34FCF5F7247CD9F20081B28B /* LaunchScreen.storyboard */,
				34FCF5FA247CD9F20081B28B /* Info.plist */,
				34FCF61C247CDC9A0081B28B /* FlickrAPI.swift */,
				34FCF61E247CE6AF0081B28B /* PhotoStore.swift */,
				34739456247E348D00E9B970 /* Photo.swift */,
			);
			path = FlickrDemo;
			sourceTree = "<group>";
		};
		34FCF602247CD9F30081B28B /* FlickrDemoTests */ = {
			isa = PBXGroup;
			children = (
				34FCF603247CD9F30081B28B /* FlickrDemoTests.swift */,
				34FCF605247CD9F30081B28B /* Info.plist */,
			);
			path = FlickrDemoTests;
			sourceTree = "<group>";
		};
		34FCF60D247CD9F30081B28B /* FlickrDemoUITests */ = {
			isa = PBXGroup;
			children = (
				34FCF60E247CD9F30081B28B /* FlickrDemoUITests.swift */,
				34FCF610247CD9F30081B28B /* Info.plist */,
			);
			path = FlickrDemoUITests;
			sourceTree = "<group>";
		};
/* End PBXGroup section */

/* Begin PBXNativeTarget section */
		34FCF5E8247CD9EE0081B28B /* FlickrDemo */ = {
			isa = PBXNativeTarget;
			buildConfigurationList = 34FCF613247CD9F30081B28B /* Build configuration list for PBXNativeTarget "FlickrDemo" */;
			buildPhases = (
				34FCF5E5247CD9EE0081B28B /* Sources */,
				34FCF5E6247CD9EE0081B28B /* Frameworks */,
				34FCF5E7247CD9EE0081B28B /* Resources */,
			);
			buildRules = (
			);
			dependencies = (
			);
			name = FlickrDemo;
			productName = FlickrDemo;
			productReference = 34FCF5E9247CD9EE0081B28B /* FlickrDemo.app */;
			productType = "com.apple.product-type.application";
		};
		34FCF5FE247CD9F20081B28B /* FlickrDemoTests */ = {
			isa = PBXNativeTarget;
			buildConfigurationList = 34FCF616247CD9F30081B28B /* Build configuration list for PBXNativeTarget "FlickrDemoTests" */;
			buildPhases = (
				34FCF5FB247CD9F20081B28B /* Sources */,
				34FCF5FC247CD9F20081B28B /* Frameworks */,
				34FCF5FD247CD9F20081B28B /* Resources */,
			);
			buildRules = (
			);
			dependencies = (
				34FCF601247CD9F20081B28B /* PBXTargetDependency */,
			);
			name = FlickrDemoTests;
			productName = FlickrDemoTests;
			productReference = 34FCF5FF247CD9F20081B28B /* FlickrDemoTests.xctest */;
			productType = "com.apple.product-type.bundle.unit-test";
		};
		34FCF609247CD9F30081B28B /* FlickrDemoUITests */ = {
			isa = PBXNativeTarget;
			buildConfigurationList = 34FCF619247CD9F30081B28B /* Build configuration list for PBXNativeTarget "FlickrDemoUITests" */;
			buildPhases = (
				34FCF606247CD9F30081B28B /* Sources */,
				34FCF607247CD9F30081B28B /* Frameworks */,
				34FCF608247CD9F30081B28B /* Resources */,
			);
			buildRules = (
			);
			dependencies = (
				34FCF60C247CD9F30081B28B /* PBXTargetDependency */,
			);
			name = FlickrDemoUITests;
			productName = FlickrDemoUITests;
			productReference = 34FCF60A247CD9F30081B28B /* FlickrDemoUITests.xctest */;
			productType = "com.apple.product-type.bundle.ui-testing";
		};
/* End PBXNativeTarget section */

/* Begin PBXProject section */
		34FCF5E1247CD9EE0081B28B /* Project object */ = {
			isa = PBXProject;
			attributes = {
				LastSwiftUpdateCheck = 1140;
				LastUpgradeCheck = 1140;
				ORGANIZATIONNAME = SXC;
				TargetAttributes = {
					34FCF5E8247CD9EE0081B28B = {
						CreatedOnToolsVersion = 11.4;
					};
					34FCF5FE247CD9F20081B28B = {
						CreatedOnToolsVersion = 11.4;
						TestTargetID = 34FCF5E8247CD9EE0081B28B;
					};
					34FCF609247CD9F30081B28B = {
						CreatedOnToolsVersion = 11.4;
						TestTargetID = 34FCF5E8247CD9EE0081B28B;
					};
				};
			};
			buildConfigurationList = 34FCF5E4247CD9EE0081B28B /* Build configuration list for PBXProject "FlickrDemo" */;
			compatibilityVersion = "Xcode 9.3";
			developmentRegion = en;
			hasScannedForEncodings = 0;
			knownRegions = (
				en,
				Base,
			);
			mainGroup = 34FCF5E0247CD9EE0081B28B;
			productRefGroup = 34FCF5EA247CD9EE0081B28B /* Products */;
			projectDirPath = "";
			projectRoot = "";
			targets = (
				34FCF5E8247CD9EE0081B28B /* FlickrDemo */,
				34FCF5FE247CD9F20081B28B /* FlickrDemoTests */,
				34FCF609247CD9F30081B28B /* FlickrDemoUITests */,
			);
		};
/* End PBXProject section */

/* Begin PBXResourcesBuildPhase section */
		34FCF5E7247CD9EE0081B28B /* Resources */ = {
			isa = PBXResourcesBuildPhase;
			buildActionMask = 2147483647;
			files = (
				34FCF5F9247CD9F20081B28B /* LaunchScreen.storyboard in Resources */,
				34FCF5F6247CD9F20081B28B /* Assets.xcassets in Resources */,
				34FCF5F4247CD9EE0081B28B /* Main.storyboard in Resources */,
			);
			runOnlyForDeploymentPostprocessing = 0;
		};
		34FCF5FD247CD9F20081B28B /* Resources */ = {
			isa = PBXResourcesBuildPhase;
			buildActionMask = 2147483647;
			files = (
			);
			runOnlyForDeploymentPostprocessing = 0;
		};
		34FCF608247CD9F30081B28B /* Resources */ = {
			isa = PBXResourcesBuildPhase;
			buildActionMask = 2147483647;
			files = (
			);
			runOnlyForDeploymentPostprocessing = 0;
		};
/* End PBXResourcesBuildPhase section */

/* Begin PBXSourcesBuildPhase section */
		34FCF5E5247CD9EE0081B28B /* Sources */ = {
			isa = PBXSourcesBuildPhase;
			buildActionMask = 2147483647;
			files = (
				34739457247E348D00E9B970 /* Photo.swift in Sources */,
				34FCF61F247CE6AF0081B28B /* PhotoStore.swift in Sources */,
				34FCF5F1247CD9EE0081B28B /* PhotosViewController.swift in Sources */,
				34FCF5ED247CD9EE0081B28B /* AppDelegate.swift in Sources */,
				34FCF5EF247CD9EE0081B28B /* SceneDelegate.swift in Sources */,
				34FCF61D247CDC9A0081B28B /* FlickrAPI.swift in Sources */,
			);
			runOnlyForDeploymentPostprocessing = 0;
		};
		34FCF5FB247CD9F20081B28B /* Sources */ = {
			isa = PBXSourcesBuildPhase;
			buildActionMask = 2147483647;
			files = (
				34FCF604247CD9F30081B28B /* FlickrDemoTests.swift in Sources */,
			);
			runOnlyForDeploymentPostprocessing = 0;
		};
		34FCF606247CD9F30081B28B /* Sources */ = {
			isa = PBXSourcesBuildPhase;
			buildActionMask = 2147483647;
			files = (
				34FCF60F247CD9F30081B28B /* FlickrDemoUITests.swift in Sources */,
			);
			runOnlyForDeploymentPostprocessing = 0;
		};
/* End PBXSourcesBuildPhase section */

/* Begin PBXTargetDependency section */
		34FCF601247CD9F20081B28B /* PBXTargetDependency */ = {
			isa = PBXTargetDependency;
			target = 34FCF5E8247CD9EE0081B28B /* FlickrDemo */;
			targetProxy = 34FCF600247CD9F20081B28B /* PBXContainerItemProxy */;
		};
		34FCF60C247CD9F30081B28B /* PBXTargetDependency */ = {
			isa = PBXTargetDependency;
			target = 34FCF5E8247CD9EE0081B28B /* FlickrDemo */;
			targetProxy = 34FCF60B247CD9F30081B28B /* PBXContainerItemProxy */;
		};
/* End PBXTargetDependency section */

/* Begin PBXVariantGroup section */
		34FCF5F2247CD9EE0081B28B /* Main.storyboard */ = {
			isa = PBXVariantGroup;
			children = (
				34FCF5F3247CD9EE0081B28B /* Base */,
			);
			name = Main.storyboard;
			sourceTree = "<group>";
		};
		34FCF5F7247CD9F20081B28B /* LaunchScreen.storyboard */ = {
			isa = PBXVariantGroup;
			children = (
				34FCF5F8247CD9F20081B28B /* Base */,
			);
			name = LaunchScreen.storyboard;
			sourceTree = "<group>";
		};
/* End PBXVariantGroup section */

/* Begin XCBuildConfiguration section */
		34FCF611247CD9F30081B28B /* Debug */ = {
			isa = XCBuildConfiguration;
			buildSettings = {
				ALWAYS_SEARCH_USER_PATHS = NO;
				CLANG_ANALYZER_NONNULL = YES;
				CLANG_ANALYZER_NUMBER_OBJECT_CONVERSION = YES_AGGRESSIVE;
				CLANG_CXX_LANGUAGE_STANDARD = "gnu++14";
				CLANG_CXX_LIBRARY = "libc++";
				CLANG_ENABLE_MODULES = YES;
				CLANG_ENABLE_OBJC_ARC = YES;
				CLANG_ENABLE_OBJC_WEAK = YES;
				CLANG_WARN_BLOCK_CAPTURE_AUTORELEASING = YES;
				CLANG_WARN_BOOL_CONVERSION = YES;
				CLANG_WARN_COMMA = YES;
				CLANG_WARN_CONSTANT_CONVERSION = YES;
				CLANG_WARN_DEPRECATED_OBJC_IMPLEMENTATIONS = YES;
				CLANG_WARN_DIRECT_OBJC_ISA_USAGE = YES_ERROR;
				CLANG_WARN_DOCUMENTATION_COMMENTS = YES;
				CLANG_WARN_EMPTY_BODY = YES;
				CLANG_WARN_ENUM_CONVERSION = YES;
				CLANG_WARN_INFINITE_RECURSION = YES;
				CLANG_WARN_INT_CONVERSION = YES;
				CLANG_WARN_NON_LITERAL_NULL_CONVERSION = YES;
				CLANG_WARN_OBJC_IMPLICIT_RETAIN_SELF = YES;
				CLANG_WARN_OBJC_LITERAL_CONVERSION = YES;
				CLANG_WARN_OBJC_ROOT_CLASS = YES_ERROR;
				CLANG_WARN_RANGE_LOOP_ANALYSIS = YES;
				CLANG_WARN_STRICT_PROTOTYPES = YES;
				CLANG_WARN_SUSPICIOUS_MOVE = YES;
				CLANG_WARN_UNGUARDED_AVAILABILITY = YES_AGGRESSIVE;
				CLANG_WARN_UNREACHABLE_CODE = YES;
				CLANG_WARN__DUPLICATE_METHOD_MATCH = YES;
				COPY_PHASE_STRIP = NO;
				DEBUG_INFORMATION_FORMAT = dwarf;
				ENABLE_STRICT_OBJC_MSGSEND = YES;
				ENABLE_TESTABILITY = YES;
				GCC_C_LANGUAGE_STANDARD = gnu11;
				GCC_DYNAMIC_NO_PIC = NO;
				GCC_NO_COMMON_BLOCKS = YES;
				GCC_OPTIMIZATION_LEVEL = 0;
				GCC_PREPROCESSOR_DEFINITIONS = (
					"DEBUG=1",
					"$(inherited)",
				);
				GCC_WARN_64_TO_32_BIT_CONVERSION = YES;
				GCC_WARN_ABOUT_RETURN_TYPE = YES_ERROR;
				GCC_WARN_UNDECLARED_SELECTOR = YES;
				GCC_WARN_UNINITIALIZED_AUTOS = YES_AGGRESSIVE;
				GCC_WARN_UNUSED_FUNCTION = YES;
				GCC_WARN_UNUSED_VARIABLE = YES;
				IPHONEOS_DEPLOYMENT_TARGET = 13.4;
				MTL_ENABLE_DEBUG_INFO = INCLUDE_SOURCE;
				MTL_FAST_MATH = YES;
				ONLY_ACTIVE_ARCH = YES;
				SDKROOT = iphoneos;
				SWIFT_ACTIVE_COMPILATION_CONDITIONS = DEBUG;
				SWIFT_OPTIMIZATION_LEVEL = "-Onone";
			};
			name = Debug;
		};
		34FCF612247CD9F30081B28B /* Release */ = {
			isa = XCBuildConfiguration;
			buildSettings = {
				ALWAYS_SEARCH_USER_PATHS = NO;
				CLANG_ANALYZER_NONNULL = YES;
				CLANG_ANALYZER_NUMBER_OBJECT_CONVERSION = YES_AGGRESSIVE;
				CLANG_CXX_LANGUAGE_STANDARD = "gnu++14";
				CLANG_CXX_LIBRARY = "libc++";
				CLANG_ENABLE_MODULES = YES;
				CLANG_ENABLE_OBJC_ARC = YES;
				CLANG_ENABLE_OBJC_WEAK = YES;
				CLANG_WARN_BLOCK_CAPTURE_AUTORELEASING = YES;
				CLANG_WARN_BOOL_CONVERSION = YES;
				CLANG_WARN_COMMA = YES;
				CLANG_WARN_CONSTANT_CONVERSION = YES;
				CLANG_WARN_DEPRECATED_OBJC_IMPLEMENTATIONS = YES;
				CLANG_WARN_DIRECT_OBJC_ISA_USAGE = YES_ERROR;
				CLANG_WARN_DOCUMENTATION_COMMENTS = YES;
				CLANG_WARN_EMPTY_BODY = YES;
				CLANG_WARN_ENUM_CONVERSION = YES;
				CLANG_WARN_INFINITE_RECURSION = YES;
				CLANG_WARN_INT_CONVERSION = YES;
				CLANG_WARN_NON_LITERAL_NULL_CONVERSION = YES;
				CLANG_WARN_OBJC_IMPLICIT_RETAIN_SELF = YES;
				CLANG_WARN_OBJC_LITERAL_CONVERSION = YES;
				CLANG_WARN_OBJC_ROOT_CLASS = YES_ERROR;
				CLANG_WARN_RANGE_LOOP_ANALYSIS = YES;
				CLANG_WARN_STRICT_PROTOTYPES = YES;
				CLANG_WARN_SUSPICIOUS_MOVE = YES;
				CLANG_WARN_UNGUARDED_AVAILABILITY = YES_AGGRESSIVE;
				CLANG_WARN_UNREACHABLE_CODE = YES;
				CLANG_WARN__DUPLICATE_METHOD_MATCH = YES;
				COPY_PHASE_STRIP = NO;
				DEBUG_INFORMATION_FORMAT = "dwarf-with-dsym";
				ENABLE_NS_ASSERTIONS = NO;
				ENABLE_STRICT_OBJC_MSGSEND = YES;
				GCC_C_LANGUAGE_STANDARD = gnu11;
				GCC_NO_COMMON_BLOCKS = YES;
				GCC_WARN_64_TO_32_BIT_CONVERSION = YES;
				GCC_WARN_ABOUT_RETURN_TYPE = YES_ERROR;
				GCC_WARN_UNDECLARED_SELECTOR = YES;
				GCC_WARN_UNINITIALIZED_AUTOS = YES_AGGRESSIVE;
				GCC_WARN_UNUSED_FUNCTION = YES;
				GCC_WARN_UNUSED_VARIABLE = YES;
				IPHONEOS_DEPLOYMENT_TARGET = 13.4;
				MTL_ENABLE_DEBUG_INFO = NO;
				MTL_FAST_MATH = YES;
				SDKROOT = iphoneos;
				SWIFT_COMPILATION_MODE = wholemodule;
				SWIFT_OPTIMIZATION_LEVEL = "-O";
				VALIDATE_PRODUCT = YES;
			};
			name = Release;
		};
		34FCF614247CD9F30081B28B /* Debug */ = {
			isa = XCBuildConfiguration;
			buildSettings = {
				ASSETCATALOG_COMPILER_APPICON_NAME = AppIcon;
				CODE_SIGN_STYLE = Automatic;
				DEVELOPMENT_TEAM = SX2P37942F;
				INFOPLIST_FILE = FlickrDemo/Info.plist;
				LD_RUNPATH_SEARCH_PATHS = (
					"$(inherited)",
					"@executable_path/Frameworks",
				);
				PRODUCT_BUNDLE_IDENTIFIER = com.shenxiaochun.FlickrDemo;
				PRODUCT_NAME = "$(TARGET_NAME)";
				SWIFT_VERSION = 5.0;
				TARGETED_DEVICE_FAMILY = "1,2";
			};
			name = Debug;
		};
		34FCF615247CD9F30081B28B /* Release */ = {
			isa = XCBuildConfiguration;
			buildSettings = {
				ASSETCATALOG_COMPILER_APPICON_NAME = AppIcon;
				CODE_SIGN_STYLE = Automatic;
				DEVELOPMENT_TEAM = SX2P37942F;
				INFOPLIST_FILE = FlickrDemo/Info.plist;
				LD_RUNPATH_SEARCH_PATHS = (
					"$(inherited)",
					"@executable_path/Frameworks",
				);
				PRODUCT_BUNDLE_IDENTIFIER = com.shenxiaochun.FlickrDemo;
				PRODUCT_NAME = "$(TARGET_NAME)";
				SWIFT_VERSION = 5.0;
				TARGETED_DEVICE_FAMILY = "1,2";
			};
			name = Release;
		};
		34FCF617247CD9F30081B28B /* Debug */ = {
			isa = XCBuildConfiguration;
			buildSettings = {
				ALWAYS_EMBED_SWIFT_STANDARD_LIBRARIES = YES;
				BUNDLE_LOADER = "$(TEST_HOST)";
				CODE_SIGN_STYLE = Automatic;
				DEVELOPMENT_TEAM = SX2P37942F;
				INFOPLIST_FILE = FlickrDemoTests/Info.plist;
				IPHONEOS_DEPLOYMENT_TARGET = 13.4;
				LD_RUNPATH_SEARCH_PATHS = (
					"$(inherited)",
					"@executable_path/Frameworks",
					"@loader_path/Frameworks",
				);
				PRODUCT_BUNDLE_IDENTIFIER = com.shenxiaochun.FlickrDemoTests;
				PRODUCT_NAME = "$(TARGET_NAME)";
				SWIFT_VERSION = 5.0;
				TARGETED_DEVICE_FAMILY = "1,2";
				TEST_HOST = "$(BUILT_PRODUCTS_DIR)/FlickrDemo.app/FlickrDemo";
			};
			name = Debug;
		};
		34FCF618247CD9F30081B28B /* Release */ = {
			isa = XCBuildConfiguration;
			buildSettings = {
				ALWAYS_EMBED_SWIFT_STANDARD_LIBRARIES = YES;
				BUNDLE_LOADER = "$(TEST_HOST)";
				CODE_SIGN_STYLE = Automatic;
				DEVELOPMENT_TEAM = SX2P37942F;
				INFOPLIST_FILE = FlickrDemoTests/Info.plist;
				IPHONEOS_DEPLOYMENT_TARGET = 13.4;
				LD_RUNPATH_SEARCH_PATHS = (
					"$(inherited)",
					"@executable_path/Frameworks",
					"@loader_path/Frameworks",
				);
				PRODUCT_BUNDLE_IDENTIFIER = com.shenxiaochun.FlickrDemoTests;
				PRODUCT_NAME = "$(TARGET_NAME)";
				SWIFT_VERSION = 5.0;
				TARGETED_DEVICE_FAMILY = "1,2";
				TEST_HOST = "$(BUILT_PRODUCTS_DIR)/FlickrDemo.app/FlickrDemo";
			};
			name = Release;
		};
		34FCF61A247CD9F30081B28B /* Debug */ = {
			isa = XCBuildConfiguration;
			buildSettings = {
				ALWAYS_EMBED_SWIFT_STANDARD_LIBRARIES = YES;
				CODE_SIGN_STYLE = Automatic;
				DEVELOPMENT_TEAM = SX2P37942F;
				INFOPLIST_FILE = FlickrDemoUITests/Info.plist;
				LD_RUNPATH_SEARCH_PATHS = (
					"$(inherited)",
					"@executable_path/Frameworks",
					"@loader_path/Frameworks",
				);
				PRODUCT_BUNDLE_IDENTIFIER = com.shenxiaochun.FlickrDemoUITests;
				PRODUCT_NAME = "$(TARGET_NAME)";
				SWIFT_VERSION = 5.0;
				TARGETED_DEVICE_FAMILY = "1,2";
				TEST_TARGET_NAME = FlickrDemo;
			};
			name = Debug;
		};
		34FCF61B247CD9F30081B28B /* Release */ = {
			isa = XCBuildConfiguration;
			buildSettings = {
				ALWAYS_EMBED_SWIFT_STANDARD_LIBRARIES = YES;
				CODE_SIGN_STYLE = Automatic;
				DEVELOPMENT_TEAM = SX2P37942F;
				INFOPLIST_FILE = FlickrDemoUITests/Info.plist;
				LD_RUNPATH_SEARCH_PATHS = (
					"$(inherited)",
					"@executable_path/Frameworks",
					"@loader_path/Frameworks",
				);
				PRODUCT_BUNDLE_IDENTIFIER = com.shenxiaochun.FlickrDemoUITests;
				PRODUCT_NAME = "$(TARGET_NAME)";
				SWIFT_VERSION = 5.0;
				TARGETED_DEVICE_FAMILY = "1,2";
				TEST_TARGET_NAME = FlickrDemo;
			};
			name = Release;
		};
/* End XCBuildConfiguration section */

/* Begin XCConfigurationList section */
		34FCF5E4247CD9EE0081B28B /* Build configuration list for PBXProject "FlickrDemo" */ = {
			isa = XCConfigurationList;
			buildConfigurations = (
				34FCF611247CD9F30081B28B /* Debug */,
				34FCF612247CD9F30081B28B /* Release */,
			);
			defaultConfigurationIsVisible = 0;
			defaultConfigurationName = Release;
		};
		34FCF613247CD9F30081B28B /* Build configuration list for PBXNativeTarget "FlickrDemo" */ = {
			isa = XCConfigurationList;
			buildConfigurations = (
				34FCF614247CD9F30081B28B /* Debug */,
				34FCF615247CD9F30081B28B /* Release */,
			);
			defaultConfigurationIsVisible = 0;
			defaultConfigurationName = Release;
		};
		34FCF616247CD9F30081B28B /* Build configuration list for PBXNativeTarget "FlickrDemoTests" */ = {
			isa = XCConfigurationList;
			buildConfigurations = (
				34FCF617247CD9F30081B28B /* Debug */,
				34FCF618247CD9F30081B28B /* Release */,
			);
			defaultConfigurationIsVisible = 0;
			defaultConfigurationName = Release;
		};
		34FCF619247CD9F30081B28B /* Build configuration list for PBXNativeTarget "FlickrDemoUITests" */ = {
			isa = XCConfigurationList;
			buildConfigurations = (
				34FCF61A247CD9F30081B28B /* Debug */,
				34FCF61B247CD9F30081B28B /* Release */,
			);
			defaultConfigurationIsVisible = 0;
			defaultConfigurationName = Release;
		};
/* End XCConfigurationList section */
	};
	rootObject = 34FCF5E1247CD9EE0081B28B /* Project object */;
}
