// !$*UTF8*$!
{
	archiveVersion = 1;
	classes = {
	};
	objectVersion = 50;
	objects = {

/* Begin PBXBuildFile section */
		34AC970924715198002E23CF /* AppDelegate.swift in Sources */ = {isa = PBXBuildFile; fileRef = 34AC970824715198002E23CF /* AppDelegate.swift */; };
		34AC970B24715198002E23CF /* SceneDelegate.swift in Sources */ = {isa = PBXBuildFile; fileRef = 34AC970A24715198002E23CF /* SceneDelegate.swift */; };
		34AC970D24715198002E23CF /* ViewController.swift in Sources */ = {isa = PBXBuildFile; fileRef = 34AC970C24715198002E23CF /* ViewController.swift */; };
		34AC971024715198002E23CF /* Main.storyboard in Resources */ = {isa = PBXBuildFile; fileRef = 34AC970E24715198002E23CF /* Main.storyboard */; };
		34AC97122471519A002E23CF /* Assets.xcassets in Resources */ = {isa = PBXBuildFile; fileRef = 34AC97112471519A002E23CF /* Assets.xcassets */; };
		34AC97152471519A002E23CF /* LaunchScreen.storyboard in Resources */ = {isa = PBXBuildFile; fileRef = 34AC97132471519A002E23CF /* LaunchScreen.storyboard */; };
		34AC97202471519A002E23CF /* MandalaTests.swift in Sources */ = {isa = PBXBuildFile; fileRef = 34AC971F2471519A002E23CF /* MandalaTests.swift */; };
		34AC972B2471519A002E23CF /* MandalaUITests.swift in Sources */ = {isa = PBXBuildFile; fileRef = 34AC972A2471519A002E23CF /* MandalaUITests.swift */; };
		34AC9739247151AA002E23CF /* Mood.swift in Sources */ = {isa = PBXBuildFile; fileRef = 34AC9738247151AA002E23CF /* Mood.swift */; };
		34AC973B247151D8002E23CF /* MoodEntry.swift in Sources */ = {isa = PBXBuildFile; fileRef = 34AC973A247151D8002E23CF /* MoodEntry.swift */; };
		34AC973D247156C8002E23CF /* UIColor+Mandala.swift in Sources */ = {isa = PBXBuildFile; fileRef = 34AC973C247156C8002E23CF /* UIColor+Mandala.swift */; };
		34AC973F24715A70002E23CF /* UIImage+Mandala.swift in Sources */ = {isa = PBXBuildFile; fileRef = 34AC973E24715A70002E23CF /* UIImage+Mandala.swift */; };
/* End PBXBuildFile section */

/* Begin PBXContainerItemProxy section */
		34AC971C2471519A002E23CF /* PBXContainerItemProxy */ = {
			isa = PBXContainerItemProxy;
			containerPortal = 34AC96FD24715198002E23CF /* Project object */;
			proxyType = 1;
			remoteGlobalIDString = 34AC970424715198002E23CF;
			remoteInfo = Mandala;
		};
		34AC97272471519A002E23CF /* PBXContainerItemProxy */ = {
			isa = PBXContainerItemProxy;
			containerPortal = 34AC96FD24715198002E23CF /* Project object */;
			proxyType = 1;
			remoteGlobalIDString = 34AC970424715198002E23CF;
			remoteInfo = Mandala;
		};
/* End PBXContainerItemProxy section */

/* Begin PBXFileReference section */
		34AC970524715198002E23CF /* Mandala.app */ = {isa = PBXFileReference; explicitFileType = wrapper.application; includeInIndex = 0; path = Mandala.app; sourceTree = BUILT_PRODUCTS_DIR; };
		34AC970824715198002E23CF /* AppDelegate.swift */ = {isa = PBXFileReference; lastKnownFileType = sourcecode.swift; path = AppDelegate.swift; sourceTree = "<group>"; };
		34AC970A24715198002E23CF /* SceneDelegate.swift */ = {isa = PBXFileReference; lastKnownFileType = sourcecode.swift; path = SceneDelegate.swift; sourceTree = "<group>"; };
		34AC970C24715198002E23CF /* ViewController.swift */ = {isa = PBXFileReference; lastKnownFileType = sourcecode.swift; path = ViewController.swift; sourceTree = "<group>"; };
		34AC970F24715198002E23CF /* Base */ = {isa = PBXFileReference; lastKnownFileType = file.storyboard; name = Base; path = Base.lproj/Main.storyboard; sourceTree = "<group>"; };
		34AC97112471519A002E23CF /* Assets.xcassets */ = {isa = PBXFileReference; lastKnownFileType = folder.assetcatalog; path = Assets.xcassets; sourceTree = "<group>"; };
		34AC97142471519A002E23CF /* Base */ = {isa = PBXFileReference; lastKnownFileType = file.storyboard; name = Base; path = Base.lproj/LaunchScreen.storyboard; sourceTree = "<group>"; };
		34AC97162471519A002E23CF /* Info.plist */ = {isa = PBXFileReference; lastKnownFileType = text.plist.xml; path = Info.plist; sourceTree = "<group>"; };
		34AC971B2471519A002E23CF /* MandalaTests.xctest */ = {isa = PBXFileReference; explicitFileType = wrapper.cfbundle; includeInIndex = 0; path = MandalaTests.xctest; sourceTree = BUILT_PRODUCTS_DIR; };
		34AC971F2471519A002E23CF /* MandalaTests.swift */ = {isa = PBXFileReference; lastKnownFileType = sourcecode.swift; path = MandalaTests.swift; sourceTree = "<group>"; };
		34AC97212471519A002E23CF /* Info.plist */ = {isa = PBXFileReference; lastKnownFileType = text.plist.xml; path = Info.plist; sourceTree = "<group>"; };
		34AC97262471519A002E23CF /* MandalaUITests.xctest */ = {isa = PBXFileReference; explicitFileType = wrapper.cfbundle; includeInIndex = 0; path = MandalaUITests.xctest; sourceTree = BUILT_PRODUCTS_DIR; };
		34AC972A2471519A002E23CF /* MandalaUITests.swift */ = {isa = PBXFileReference; lastKnownFileType = sourcecode.swift; path = MandalaUITests.swift; sourceTree = "<group>"; };
		34AC972C2471519A002E23CF /* Info.plist */ = {isa = PBXFileReference; lastKnownFileType = text.plist.xml; path = Info.plist; sourceTree = "<group>"; };
		34AC9738247151AA002E23CF /* Mood.swift */ = {isa = PBXFileReference; lastKnownFileType = sourcecode.swift; path = Mood.swift; sourceTree = "<group>"; };
		34AC973A247151D8002E23CF /* MoodEntry.swift */ = {isa = PBXFileReference; lastKnownFileType = sourcecode.swift; path = MoodEntry.swift; sourceTree = "<group>"; };
		34AC973C247156C8002E23CF /* UIColor+Mandala.swift */ = {isa = PBXFileReference; lastKnownFileType = sourcecode.swift; path = "UIColor+Mandala.swift"; sourceTree = "<group>"; };
		34AC973E24715A70002E23CF /* UIImage+Mandala.swift */ = {isa = PBXFileReference; lastKnownFileType = sourcecode.swift; path = "UIImage+Mandala.swift"; sourceTree = "<group>"; };
/* End PBXFileReference section */

/* Begin PBXFrameworksBuildPhase section */
		34AC970224715198002E23CF /* Frameworks */ = {
			isa = PBXFrameworksBuildPhase;
			buildActionMask = 2147483647;
			files = (
			);
			runOnlyForDeploymentPostprocessing = 0;
		};
		34AC97182471519A002E23CF /* Frameworks */ = {
			isa = PBXFrameworksBuildPhase;
			buildActionMask = 2147483647;
			files = (
			);
			runOnlyForDeploymentPostprocessing = 0;
		};
		34AC97232471519A002E23CF /* Frameworks */ = {
			isa = PBXFrameworksBuildPhase;
			buildActionMask = 2147483647;
			files = (
			);
			runOnlyForDeploymentPostprocessing = 0;
		};
/* End PBXFrameworksBuildPhase section */

/* Begin PBXGroup section */
		34AC96FC24715198002E23CF = {
			isa = PBXGroup;
			children = (
				34AC970724715198002E23CF /* Mandala */,
				34AC971E2471519A002E23CF /* MandalaTests */,
				34AC97292471519A002E23CF /* MandalaUITests */,
				34AC970624715198002E23CF /* Products */,
			);
			sourceTree = "<group>";
		};
		34AC970624715198002E23CF /* Products */ = {
			isa = PBXGroup;
			children = (
				34AC970524715198002E23CF /* Mandala.app */,
				34AC971B2471519A002E23CF /* MandalaTests.xctest */,
				34AC97262471519A002E23CF /* MandalaUITests.xctest */,
			);
			name = Products;
			sourceTree = "<group>";
		};
		34AC970724715198002E23CF /* Mandala */ = {
			isa = PBXGroup;
			children = (
				34AC970824715198002E23CF /* AppDelegate.swift */,
				34AC970A24715198002E23CF /* SceneDelegate.swift */,
				34AC970C24715198002E23CF /* ViewController.swift */,
				34AC970E24715198002E23CF /* Main.storyboard */,
				34AC97112471519A002E23CF /* Assets.xcassets */,
				34AC97132471519A002E23CF /* LaunchScreen.storyboard */,
				34AC97162471519A002E23CF /* Info.plist */,
				34AC9738247151AA002E23CF /* Mood.swift */,
				34AC973A247151D8002E23CF /* MoodEntry.swift */,
				34AC973C247156C8002E23CF /* UIColor+Mandala.swift */,
				34AC973E24715A70002E23CF /* UIImage+Mandala.swift */,
			);
			path = Mandala;
			sourceTree = "<group>";
		};
		34AC971E2471519A002E23CF /* MandalaTests */ = {
			isa = PBXGroup;
			children = (
				34AC971F2471519A002E23CF /* MandalaTests.swift */,
				34AC97212471519A002E23CF /* Info.plist */,
			);
			path = MandalaTests;
			sourceTree = "<group>";
		};
		34AC97292471519A002E23CF /* MandalaUITests */ = {
			isa = PBXGroup;
			children = (
				34AC972A2471519A002E23CF /* MandalaUITests.swift */,
				34AC972C2471519A002E23CF /* Info.plist */,
			);
			path = MandalaUITests;
			sourceTree = "<group>";
		};
/* End PBXGroup section */

/* Begin PBXNativeTarget section */
		34AC970424715198002E23CF /* Mandala */ = {
			isa = PBXNativeTarget;
			buildConfigurationList = 34AC972F2471519A002E23CF /* Build configuration list for PBXNativeTarget "Mandala" */;
			buildPhases = (
				34AC970124715198002E23CF /* Sources */,
				34AC970224715198002E23CF /* Frameworks */,
				34AC970324715198002E23CF /* Resources */,
			);
			buildRules = (
			);
			dependencies = (
			);
			name = Mandala;
			productName = Mandala;
			productReference = 34AC970524715198002E23CF /* Mandala.app */;
			productType = "com.apple.product-type.application";
		};
		34AC971A2471519A002E23CF /* MandalaTests */ = {
			isa = PBXNativeTarget;
			buildConfigurationList = 34AC97322471519A002E23CF /* Build configuration list for PBXNativeTarget "MandalaTests" */;
			buildPhases = (
				34AC97172471519A002E23CF /* Sources */,
				34AC97182471519A002E23CF /* Frameworks */,
				34AC97192471519A002E23CF /* Resources */,
			);
			buildRules = (
			);
			dependencies = (
				34AC971D2471519A002E23CF /* PBXTargetDependency */,
			);
			name = MandalaTests;
			productName = MandalaTests;
			productReference = 34AC971B2471519A002E23CF /* MandalaTests.xctest */;
			productType = "com.apple.product-type.bundle.unit-test";
		};
		34AC97252471519A002E23CF /* MandalaUITests */ = {
			isa = PBXNativeTarget;
			buildConfigurationList = 34AC97352471519A002E23CF /* Build configuration list for PBXNativeTarget "MandalaUITests" */;
			buildPhases = (
				34AC97222471519A002E23CF /* Sources */,
				34AC97232471519A002E23CF /* Frameworks */,
				34AC97242471519A002E23CF /* Resources */,
			);
			buildRules = (
			);
			dependencies = (
				34AC97282471519A002E23CF /* PBXTargetDependency */,
			);
			name = MandalaUITests;
			productName = MandalaUITests;
			productReference = 34AC97262471519A002E23CF /* MandalaUITests.xctest */;
			productType = "com.apple.product-type.bundle.ui-testing";
		};
/* End PBXNativeTarget section */

/* Begin PBXProject section */
		34AC96FD24715198002E23CF /* Project object */ = {
			isa = PBXProject;
			attributes = {
				LastSwiftUpdateCheck = 1140;
				LastUpgradeCheck = 1140;
				ORGANIZATIONNAME = SXC;
				TargetAttributes = {
					34AC970424715198002E23CF = {
						CreatedOnToolsVersion = 11.4;
					};
					34AC971A2471519A002E23CF = {
						CreatedOnToolsVersion = 11.4;
						TestTargetID = 34AC970424715198002E23CF;
					};
					34AC97252471519A002E23CF = {
						CreatedOnToolsVersion = 11.4;
						TestTargetID = 34AC970424715198002E23CF;
					};
				};
			};
			buildConfigurationList = 34AC970024715198002E23CF /* Build configuration list for PBXProject "Mandala" */;
			compatibilityVersion = "Xcode 9.3";
			developmentRegion = en;
			hasScannedForEncodings = 0;
			knownRegions = (
				en,
				Base,
			);
			mainGroup = 34AC96FC24715198002E23CF;
			productRefGroup = 34AC970624715198002E23CF /* Products */;
			projectDirPath = "";
			projectRoot = "";
			targets = (
				34AC970424715198002E23CF /* Mandala */,
				34AC971A2471519A002E23CF /* MandalaTests */,
				34AC97252471519A002E23CF /* MandalaUITests */,
			);
		};
/* End PBXProject section */

/* Begin PBXResourcesBuildPhase section */
		34AC970324715198002E23CF /* Resources */ = {
			isa = PBXResourcesBuildPhase;
			buildActionMask = 2147483647;
			files = (
				34AC97152471519A002E23CF /* LaunchScreen.storyboard in Resources */,
				34AC97122471519A002E23CF /* Assets.xcassets in Resources */,
				34AC971024715198002E23CF /* Main.storyboard in Resources */,
			);
			runOnlyForDeploymentPostprocessing = 0;
		};
		34AC97192471519A002E23CF /* Resources */ = {
			isa = PBXResourcesBuildPhase;
			buildActionMask = 2147483647;
			files = (
			);
			runOnlyForDeploymentPostprocessing = 0;
		};
		34AC97242471519A002E23CF /* Resources */ = {
			isa = PBXResourcesBuildPhase;
			buildActionMask = 2147483647;
			files = (
			);
			runOnlyForDeploymentPostprocessing = 0;
		};
/* End PBXResourcesBuildPhase section */

/* Begin PBXSourcesBuildPhase section */
		34AC970124715198002E23CF /* Sources */ = {
			isa = PBXSourcesBuildPhase;
			buildActionMask = 2147483647;
			files = (
				34AC9739247151AA002E23CF /* Mood.swift in Sources */,
				34AC970D24715198002E23CF /* ViewController.swift in Sources */,
				34AC973B247151D8002E23CF /* MoodEntry.swift in Sources */,
				34AC970924715198002E23CF /* AppDelegate.swift in Sources */,
				34AC973D247156C8002E23CF /* UIColor+Mandala.swift in Sources */,
				34AC973F24715A70002E23CF /* UIImage+Mandala.swift in Sources */,
				34AC970B24715198002E23CF /* SceneDelegate.swift in Sources */,
			);
			runOnlyForDeploymentPostprocessing = 0;
		};
		34AC97172471519A002E23CF /* Sources */ = {
			isa = PBXSourcesBuildPhase;
			buildActionMask = 2147483647;
			files = (
				34AC97202471519A002E23CF /* MandalaTests.swift in Sources */,
			);
			runOnlyForDeploymentPostprocessing = 0;
		};
		34AC97222471519A002E23CF /* Sources */ = {
			isa = PBXSourcesBuildPhase;
			buildActionMask = 2147483647;
			files = (
				34AC972B2471519A002E23CF /* MandalaUITests.swift in Sources */,
			);
			runOnlyForDeploymentPostprocessing = 0;
		};
/* End PBXSourcesBuildPhase section */

/* Begin PBXTargetDependency section */
		34AC971D2471519A002E23CF /* PBXTargetDependency */ = {
			isa = PBXTargetDependency;
			target = 34AC970424715198002E23CF /* Mandala */;
			targetProxy = 34AC971C2471519A002E23CF /* PBXContainerItemProxy */;
		};
		34AC97282471519A002E23CF /* PBXTargetDependency */ = {
			isa = PBXTargetDependency;
			target = 34AC970424715198002E23CF /* Mandala */;
			targetProxy = 34AC97272471519A002E23CF /* PBXContainerItemProxy */;
		};
/* End PBXTargetDependency section */

/* Begin PBXVariantGroup section */
		34AC970E24715198002E23CF /* Main.storyboard */ = {
			isa = PBXVariantGroup;
			children = (
				34AC970F24715198002E23CF /* Base */,
			);
			name = Main.storyboard;
			sourceTree = "<group>";
		};
		34AC97132471519A002E23CF /* LaunchScreen.storyboard */ = {
			isa = PBXVariantGroup;
			children = (
				34AC97142471519A002E23CF /* Base */,
			);
			name = LaunchScreen.storyboard;
			sourceTree = "<group>";
		};
/* End PBXVariantGroup section */

/* Begin XCBuildConfiguration section */
		34AC972D2471519A002E23CF /* Debug */ = {
			isa = XCBuildConfiguration;
			buildSettings = {
				ALWAYS_SEARCH_USER_PATHS = NO;
				CLANG_ANALYZER_NONNULL = YES;
				CLANG_ANALYZER_NUMBER_OBJECT_CONVERSION = YES_AGGRESSIVE;
				CLANG_CXX_LANGUAGE_STANDARD = "gnu++14";
				CLANG_CXX_LIBRARY = "libc++";
				CLANG_ENABLE_MODULES = YES;
				CLANG_ENABLE_OBJC_ARC = YES;
				CLANG_ENABLE_OBJC_WEAK = YES;
				CLANG_WARN_BLOCK_CAPTURE_AUTORELEASING = YES;
				CLANG_WARN_BOOL_CONVERSION = YES;
				CLANG_WARN_COMMA = YES;
				CLANG_WARN_CONSTANT_CONVERSION = YES;
				CLANG_WARN_DEPRECATED_OBJC_IMPLEMENTATIONS = YES;
				CLANG_WARN_DIRECT_OBJC_ISA_USAGE = YES_ERROR;
				CLANG_WARN_DOCUMENTATION_COMMENTS = YES;
				CLANG_WARN_EMPTY_BODY = YES;
				CLANG_WARN_ENUM_CONVERSION = YES;
				CLANG_WARN_INFINITE_RECURSION = YES;
				CLANG_WARN_INT_CONVERSION = YES;
				CLANG_WARN_NON_LITERAL_NULL_CONVERSION = YES;
				CLANG_WARN_OBJC_IMPLICIT_RETAIN_SELF = YES;
				CLANG_WARN_OBJC_LITERAL_CONVERSION = YES;
				CLANG_WARN_OBJC_ROOT_CLASS = YES_ERROR;
				CLANG_WARN_RANGE_LOOP_ANALYSIS = YES;
				CLANG_WARN_STRICT_PROTOTYPES = YES;
				CLANG_WARN_SUSPICIOUS_MOVE = YES;
				CLANG_WARN_UNGUARDED_AVAILABILITY = YES_AGGRESSIVE;
				CLANG_WARN_UNREACHABLE_CODE = YES;
				CLANG_WARN__DUPLICATE_METHOD_MATCH = YES;
				COPY_PHASE_STRIP = NO;
				DEBUG_INFORMATION_FORMAT = dwarf;
				ENABLE_STRICT_OBJC_MSGSEND = YES;
				ENABLE_TESTABILITY = YES;
				GCC_C_LANGUAGE_STANDARD = gnu11;
				GCC_DYNAMIC_NO_PIC = NO;
				GCC_NO_COMMON_BLOCKS = YES;
				GCC_OPTIMIZATION_LEVEL = 0;
				GCC_PREPROCESSOR_DEFINITIONS = (
					"DEBUG=1",
					"$(inherited)",
				);
				GCC_WARN_64_TO_32_BIT_CONVERSION = YES;
				GCC_WARN_ABOUT_RETURN_TYPE = YES_ERROR;
				GCC_WARN_UNDECLARED_SELECTOR = YES;
				GCC_WARN_UNINITIALIZED_AUTOS = YES_AGGRESSIVE;
				GCC_WARN_UNUSED_FUNCTION = YES;
				GCC_WARN_UNUSED_VARIABLE = YES;
				IPHONEOS_DEPLOYMENT_TARGET = 13.4;
				MTL_ENABLE_DEBUG_INFO = INCLUDE_SOURCE;
				MTL_FAST_MATH = YES;
				ONLY_ACTIVE_ARCH = YES;
				SDKROOT = iphoneos;
				SWIFT_ACTIVE_COMPILATION_CONDITIONS = DEBUG;
				SWIFT_OPTIMIZATION_LEVEL = "-Onone";
			};
			name = Debug;
		};
		34AC972E2471519A002E23CF /* Release */ = {
			isa = XCBuildConfiguration;
			buildSettings = {
				ALWAYS_SEARCH_USER_PATHS = NO;
				CLANG_ANALYZER_NONNULL = YES;
				CLANG_ANALYZER_NUMBER_OBJECT_CONVERSION = YES_AGGRESSIVE;
				CLANG_CXX_LANGUAGE_STANDARD = "gnu++14";
				CLANG_CXX_LIBRARY = "libc++";
				CLANG_ENABLE_MODULES = YES;
				CLANG_ENABLE_OBJC_ARC = YES;
				CLANG_ENABLE_OBJC_WEAK = YES;
				CLANG_WARN_BLOCK_CAPTURE_AUTORELEASING = YES;
				CLANG_WARN_BOOL_CONVERSION = YES;
				CLANG_WARN_COMMA = YES;
				CLANG_WARN_CONSTANT_CONVERSION = YES;
				CLANG_WARN_DEPRECATED_OBJC_IMPLEMENTATIONS = YES;
				CLANG_WARN_DIRECT_OBJC_ISA_USAGE = YES_ERROR;
				CLANG_WARN_DOCUMENTATION_COMMENTS = YES;
				CLANG_WARN_EMPTY_BODY = YES;
				CLANG_WARN_ENUM_CONVERSION = YES;
				CLANG_WARN_INFINITE_RECURSION = YES;
				CLANG_WARN_INT_CONVERSION = YES;
				CLANG_WARN_NON_LITERAL_NULL_CONVERSION = YES;
				CLANG_WARN_OBJC_IMPLICIT_RETAIN_SELF = YES;
				CLANG_WARN_OBJC_LITERAL_CONVERSION = YES;
				CLANG_WARN_OBJC_ROOT_CLASS = YES_ERROR;
				CLANG_WARN_RANGE_LOOP_ANALYSIS = YES;
				CLANG_WARN_STRICT_PROTOTYPES = YES;
				CLANG_WARN_SUSPICIOUS_MOVE = YES;
				CLANG_WARN_UNGUARDED_AVAILABILITY = YES_AGGRESSIVE;
				CLANG_WARN_UNREACHABLE_CODE = YES;
				CLANG_WARN__DUPLICATE_METHOD_MATCH = YES;
				COPY_PHASE_STRIP = NO;
				DEBUG_INFORMATION_FORMAT = "dwarf-with-dsym";
				ENABLE_NS_ASSERTIONS = NO;
				ENABLE_STRICT_OBJC_MSGSEND = YES;
				GCC_C_LANGUAGE_STANDARD = gnu11;
				GCC_NO_COMMON_BLOCKS = YES;
				GCC_WARN_64_TO_32_BIT_CONVERSION = YES;
				GCC_WARN_ABOUT_RETURN_TYPE = YES_ERROR;
				GCC_WARN_UNDECLARED_SELECTOR = YES;
				GCC_WARN_UNINITIALIZED_AUTOS = YES_AGGRESSIVE;
				GCC_WARN_UNUSED_FUNCTION = YES;
				GCC_WARN_UNUSED_VARIABLE = YES;
				IPHONEOS_DEPLOYMENT_TARGET = 13.4;
				MTL_ENABLE_DEBUG_INFO = NO;
				MTL_FAST_MATH = YES;
				SDKROOT = iphoneos;
				SWIFT_COMPILATION_MODE = wholemodule;
				SWIFT_OPTIMIZATION_LEVEL = "-O";
				VALIDATE_PRODUCT = YES;
			};
			name = Release;
		};
		34AC97302471519A002E23CF /* Debug */ = {
			isa = XCBuildConfiguration;
			buildSettings = {
				ASSETCATALOG_COMPILER_APPICON_NAME = AppIcon;
				CODE_SIGN_STYLE = Automatic;
				DEVELOPMENT_TEAM = SX2P37942F;
				INFOPLIST_FILE = Mandala/Info.plist;
				LD_RUNPATH_SEARCH_PATHS = (
					"$(inherited)",
					"@executable_path/Frameworks",
				);
				PRODUCT_BUNDLE_IDENTIFIER = com.shenxiaochun.Mandala;
				PRODUCT_NAME = "$(TARGET_NAME)";
				SWIFT_VERSION = 5.0;
				TARGETED_DEVICE_FAMILY = "1,2";
			};
			name = Debug;
		};
		34AC97312471519A002E23CF /* Release */ = {
			isa = XCBuildConfiguration;
			buildSettings = {
				ASSETCATALOG_COMPILER_APPICON_NAME = AppIcon;
				CODE_SIGN_STYLE = Automatic;
				DEVELOPMENT_TEAM = SX2P37942F;
				INFOPLIST_FILE = Mandala/Info.plist;
				LD_RUNPATH_SEARCH_PATHS = (
					"$(inherited)",
					"@executable_path/Frameworks",
				);
				PRODUCT_BUNDLE_IDENTIFIER = com.shenxiaochun.Mandala;
				PRODUCT_NAME = "$(TARGET_NAME)";
				SWIFT_VERSION = 5.0;
				TARGETED_DEVICE_FAMILY = "1,2";
			};
			name = Release;
		};
		34AC97332471519A002E23CF /* Debug */ = {
			isa = XCBuildConfiguration;
			buildSettings = {
				ALWAYS_EMBED_SWIFT_STANDARD_LIBRARIES = YES;
				BUNDLE_LOADER = "$(TEST_HOST)";
				CODE_SIGN_STYLE = Automatic;
				DEVELOPMENT_TEAM = SX2P37942F;
				INFOPLIST_FILE = MandalaTests/Info.plist;
				IPHONEOS_DEPLOYMENT_TARGET = 13.4;
				LD_RUNPATH_SEARCH_PATHS = (
					"$(inherited)",
					"@executable_path/Frameworks",
					"@loader_path/Frameworks",
				);
				PRODUCT_BUNDLE_IDENTIFIER = com.shenxiaochun.MandalaTests;
				PRODUCT_NAME = "$(TARGET_NAME)";
				SWIFT_VERSION = 5.0;
				TARGETED_DEVICE_FAMILY = "1,2";
				TEST_HOST = "$(BUILT_PRODUCTS_DIR)/Mandala.app/Mandala";
			};
			name = Debug;
		};
		34AC97342471519A002E23CF /* Release */ = {
			isa = XCBuildConfiguration;
			buildSettings = {
				ALWAYS_EMBED_SWIFT_STANDARD_LIBRARIES = YES;
				BUNDLE_LOADER = "$(TEST_HOST)";
				CODE_SIGN_STYLE = Automatic;
				DEVELOPMENT_TEAM = SX2P37942F;
				INFOPLIST_FILE = MandalaTests/Info.plist;
				IPHONEOS_DEPLOYMENT_TARGET = 13.4;
				LD_RUNPATH_SEARCH_PATHS = (
					"$(inherited)",
					"@executable_path/Frameworks",
					"@loader_path/Frameworks",
				);
				PRODUCT_BUNDLE_IDENTIFIER = com.shenxiaochun.MandalaTests;
				PRODUCT_NAME = "$(TARGET_NAME)";
				SWIFT_VERSION = 5.0;
				TARGETED_DEVICE_FAMILY = "1,2";
				TEST_HOST = "$(BUILT_PRODUCTS_DIR)/Mandala.app/Mandala";
			};
			name = Release;
		};
		34AC97362471519A002E23CF /* Debug */ = {
			isa = XCBuildConfiguration;
			buildSettings = {
				ALWAYS_EMBED_SWIFT_STANDARD_LIBRARIES = YES;
				CODE_SIGN_STYLE = Automatic;
				DEVELOPMENT_TEAM = SX2P37942F;
				INFOPLIST_FILE = MandalaUITests/Info.plist;
				LD_RUNPATH_SEARCH_PATHS = (
					"$(inherited)",
					"@executable_path/Frameworks",
					"@loader_path/Frameworks",
				);
				PRODUCT_BUNDLE_IDENTIFIER = com.shenxiaochun.MandalaUITests;
				PRODUCT_NAME = "$(TARGET_NAME)";
				SWIFT_VERSION = 5.0;
				TARGETED_DEVICE_FAMILY = "1,2";
				TEST_TARGET_NAME = Mandala;
			};
			name = Debug;
		};
		34AC97372471519A002E23CF /* Release */ = {
			isa = XCBuildConfiguration;
			buildSettings = {
				ALWAYS_EMBED_SWIFT_STANDARD_LIBRARIES = YES;
				CODE_SIGN_STYLE = Automatic;
				DEVELOPMENT_TEAM = SX2P37942F;
				INFOPLIST_FILE = MandalaUITests/Info.plist;
				LD_RUNPATH_SEARCH_PATHS = (
					"$(inherited)",
					"@executable_path/Frameworks",
					"@loader_path/Frameworks",
				);
				PRODUCT_BUNDLE_IDENTIFIER = com.shenxiaochun.MandalaUITests;
				PRODUCT_NAME = "$(TARGET_NAME)";
				SWIFT_VERSION = 5.0;
				TARGETED_DEVICE_FAMILY = "1,2";
				TEST_TARGET_NAME = Mandala;
			};
			name = Release;
		};
/* End XCBuildConfiguration section */

/* Begin XCConfigurationList section */
		34AC970024715198002E23CF /* Build configuration list for PBXProject "Mandala" */ = {
			isa = XCConfigurationList;
			buildConfigurations = (
				34AC972D2471519A002E23CF /* Debug */,
				34AC972E2471519A002E23CF /* Release */,
			);
			defaultConfigurationIsVisible = 0;
			defaultConfigurationName = Release;
		};
		34AC972F2471519A002E23CF /* Build configuration list for PBXNativeTarget "Mandala" */ = {
			isa = XCConfigurationList;
			buildConfigurations = (
				34AC97302471519A002E23CF /* Debug */,
				34AC97312471519A002E23CF /* Release */,
			);
			defaultConfigurationIsVisible = 0;
			defaultConfigurationName = Release;
		};
		34AC97322471519A002E23CF /* Build configuration list for PBXNativeTarget "MandalaTests" */ = {
			isa = XCConfigurationList;
			buildConfigurations = (
				34AC97332471519A002E23CF /* Debug */,
				34AC97342471519A002E23CF /* Release */,
			);
			defaultConfigurationIsVisible = 0;
			defaultConfigurationName = Release;
		};
		34AC97352471519A002E23CF /* Build configuration list for PBXNativeTarget "MandalaUITests" */ = {
			isa = XCConfigurationList;
			buildConfigurations = (
				34AC97362471519A002E23CF /* Debug */,
				34AC97372471519A002E23CF /* Release */,
			);
			defaultConfigurationIsVisible = 0;
			defaultConfigurationName = Release;
		};
/* End XCConfigurationList section */
	};
	rootObject = 34AC96FD24715198002E23CF /* Project object */;
}
