// !$*UTF8*$!
{
	archiveVersion = 1;
	classes = {
	};
	objectVersion = 50;
	objects = {

/* Begin PBXBuildFile section */
		34D76B27246918F70064342D /* AppDelegate.swift in Sources */ = {isa = PBXBuildFile; fileRef = 34D76B26246918F70064342D /* AppDelegate.swift */; };
		34D76B29246918F70064342D /* SceneDelegate.swift in Sources */ = {isa = PBXBuildFile; fileRef = 34D76B28246918F70064342D /* SceneDelegate.swift */; };
		34D76B2B246918F70064342D /* ViewController.swift in Sources */ = {isa = PBXBuildFile; fileRef = 34D76B2A246918F70064342D /* ViewController.swift */; };
		34D76B2E246918F70064342D /* Main.storyboard in Resources */ = {isa = PBXBuildFile; fileRef = 34D76B2C246918F70064342D /* Main.storyboard */; };
		34D76B30246918FA0064342D /* Assets.xcassets in Resources */ = {isa = PBXBuildFile; fileRef = 34D76B2F246918FA0064342D /* Assets.xcassets */; };
		34D76B33246918FA0064342D /* LaunchScreen.storyboard in Resources */ = {isa = PBXBuildFile; fileRef = 34D76B31246918FA0064342D /* LaunchScreen.storyboard */; };
		34D76B3E246918FB0064342D /* BuggyTests.swift in Sources */ = {isa = PBXBuildFile; fileRef = 34D76B3D246918FB0064342D /* BuggyTests.swift */; };
		34D76B49246918FB0064342D /* BuggyUITests.swift in Sources */ = {isa = PBXBuildFile; fileRef = 34D76B48246918FB0064342D /* BuggyUITests.swift */; };
/* End PBXBuildFile section */

/* Begin PBXContainerItemProxy section */
		34D76B3A246918FB0064342D /* PBXContainerItemProxy */ = {
			isa = PBXContainerItemProxy;
			containerPortal = 34D76B1B246918F70064342D /* Project object */;
			proxyType = 1;
			remoteGlobalIDString = 34D76B22246918F70064342D;
			remoteInfo = Buggy;
		};
		34D76B45246918FB0064342D /* PBXContainerItemProxy */ = {
			isa = PBXContainerItemProxy;
			containerPortal = 34D76B1B246918F70064342D /* Project object */;
			proxyType = 1;
			remoteGlobalIDString = 34D76B22246918F70064342D;
			remoteInfo = Buggy;
		};
/* End PBXContainerItemProxy section */

/* Begin PBXFileReference section */
		34D76B23246918F70064342D /* Buggy.app */ = {isa = PBXFileReference; explicitFileType = wrapper.application; includeInIndex = 0; path = Buggy.app; sourceTree = BUILT_PRODUCTS_DIR; };
		34D76B26246918F70064342D /* AppDelegate.swift */ = {isa = PBXFileReference; lastKnownFileType = sourcecode.swift; path = AppDelegate.swift; sourceTree = "<group>"; };
		34D76B28246918F70064342D /* SceneDelegate.swift */ = {isa = PBXFileReference; lastKnownFileType = sourcecode.swift; path = SceneDelegate.swift; sourceTree = "<group>"; };
		34D76B2A246918F70064342D /* ViewController.swift */ = {isa = PBXFileReference; lastKnownFileType = sourcecode.swift; path = ViewController.swift; sourceTree = "<group>"; };
		34D76B2D246918F70064342D /* Base */ = {isa = PBXFileReference; lastKnownFileType = file.storyboard; name = Base; path = Base.lproj/Main.storyboard; sourceTree = "<group>"; };
		34D76B2F246918FA0064342D /* Assets.xcassets */ = {isa = PBXFileReference; lastKnownFileType = folder.assetcatalog; path = Assets.xcassets; sourceTree = "<group>"; };
		34D76B32246918FA0064342D /* Base */ = {isa = PBXFileReference; lastKnownFileType = file.storyboard; name = Base; path = Base.lproj/LaunchScreen.storyboard; sourceTree = "<group>"; };
		34D76B34246918FA0064342D /* Info.plist */ = {isa = PBXFileReference; lastKnownFileType = text.plist.xml; path = Info.plist; sourceTree = "<group>"; };
		34D76B39246918FB0064342D /* BuggyTests.xctest */ = {isa = PBXFileReference; explicitFileType = wrapper.cfbundle; includeInIndex = 0; path = BuggyTests.xctest; sourceTree = BUILT_PRODUCTS_DIR; };
		34D76B3D246918FB0064342D /* BuggyTests.swift */ = {isa = PBXFileReference; lastKnownFileType = sourcecode.swift; path = BuggyTests.swift; sourceTree = "<group>"; };
		34D76B3F246918FB0064342D /* Info.plist */ = {isa = PBXFileReference; lastKnownFileType = text.plist.xml; path = Info.plist; sourceTree = "<group>"; };
		34D76B44246918FB0064342D /* BuggyUITests.xctest */ = {isa = PBXFileReference; explicitFileType = wrapper.cfbundle; includeInIndex = 0; path = BuggyUITests.xctest; sourceTree = BUILT_PRODUCTS_DIR; };
		34D76B48246918FB0064342D /* BuggyUITests.swift */ = {isa = PBXFileReference; lastKnownFileType = sourcecode.swift; path = BuggyUITests.swift; sourceTree = "<group>"; };
		34D76B4A246918FB0064342D /* Info.plist */ = {isa = PBXFileReference; lastKnownFileType = text.plist.xml; path = Info.plist; sourceTree = "<group>"; };
/* End PBXFileReference section */

/* Begin PBXFrameworksBuildPhase section */
		34D76B20246918F70064342D /* Frameworks */ = {
			isa = PBXFrameworksBuildPhase;
			buildActionMask = 2147483647;
			files = (
			);
			runOnlyForDeploymentPostprocessing = 0;
		};
		34D76B36246918FB0064342D /* Frameworks */ = {
			isa = PBXFrameworksBuildPhase;
			buildActionMask = 2147483647;
			files = (
			);
			runOnlyForDeploymentPostprocessing = 0;
		};
		34D76B41246918FB0064342D /* Frameworks */ = {
			isa = PBXFrameworksBuildPhase;
			buildActionMask = 2147483647;
			files = (
			);
			runOnlyForDeploymentPostprocessing = 0;
		};
/* End PBXFrameworksBuildPhase section */

/* Begin PBXGroup section */
		34D76B1A246918F70064342D = {
			isa = PBXGroup;
			children = (
				34D76B25246918F70064342D /* Buggy */,
				34D76B3C246918FB0064342D /* BuggyTests */,
				34D76B47246918FB0064342D /* BuggyUITests */,
				34D76B24246918F70064342D /* Products */,
			);
			sourceTree = "<group>";
		};
		34D76B24246918F70064342D /* Products */ = {
			isa = PBXGroup;
			children = (
				34D76B23246918F70064342D /* Buggy.app */,
				34D76B39246918FB0064342D /* BuggyTests.xctest */,
				34D76B44246918FB0064342D /* BuggyUITests.xctest */,
			);
			name = Products;
			sourceTree = "<group>";
		};
		34D76B25246918F70064342D /* Buggy */ = {
			isa = PBXGroup;
			children = (
				34D76B26246918F70064342D /* AppDelegate.swift */,
				34D76B28246918F70064342D /* SceneDelegate.swift */,
				34D76B2A246918F70064342D /* ViewController.swift */,
				34D76B2C246918F70064342D /* Main.storyboard */,
				34D76B2F246918FA0064342D /* Assets.xcassets */,
				34D76B31246918FA0064342D /* LaunchScreen.storyboard */,
				34D76B34246918FA0064342D /* Info.plist */,
			);
			path = Buggy;
			sourceTree = "<group>";
		};
		34D76B3C246918FB0064342D /* BuggyTests */ = {
			isa = PBXGroup;
			children = (
				34D76B3D246918FB0064342D /* BuggyTests.swift */,
				34D76B3F246918FB0064342D /* Info.plist */,
			);
			path = BuggyTests;
			sourceTree = "<group>";
		};
		34D76B47246918FB0064342D /* BuggyUITests */ = {
			isa = PBXGroup;
			children = (
				34D76B48246918FB0064342D /* BuggyUITests.swift */,
				34D76B4A246918FB0064342D /* Info.plist */,
			);
			path = BuggyUITests;
			sourceTree = "<group>";
		};
/* End PBXGroup section */

/* Begin PBXNativeTarget section */
		34D76B22246918F70064342D /* Buggy */ = {
			isa = PBXNativeTarget;
			buildConfigurationList = 34D76B4D246918FB0064342D /* Build configuration list for PBXNativeTarget "Buggy" */;
			buildPhases = (
				34D76B1F246918F70064342D /* Sources */,
				34D76B20246918F70064342D /* Frameworks */,
				34D76B21246918F70064342D /* Resources */,
			);
			buildRules = (
			);
			dependencies = (
			);
			name = Buggy;
			productName = Buggy;
			productReference = 34D76B23246918F70064342D /* Buggy.app */;
			productType = "com.apple.product-type.application";
		};
		34D76B38246918FB0064342D /* BuggyTests */ = {
			isa = PBXNativeTarget;
			buildConfigurationList = 34D76B50246918FB0064342D /* Build configuration list for PBXNativeTarget "BuggyTests" */;
			buildPhases = (
				34D76B35246918FB0064342D /* Sources */,
				34D76B36246918FB0064342D /* Frameworks */,
				34D76B37246918FB0064342D /* Resources */,
			);
			buildRules = (
			);
			dependencies = (
				34D76B3B246918FB0064342D /* PBXTargetDependency */,
			);
			name = BuggyTests;
			productName = BuggyTests;
			productReference = 34D76B39246918FB0064342D /* BuggyTests.xctest */;
			productType = "com.apple.product-type.bundle.unit-test";
		};
		34D76B43246918FB0064342D /* BuggyUITests */ = {
			isa = PBXNativeTarget;
			buildConfigurationList = 34D76B53246918FB0064342D /* Build configuration list for PBXNativeTarget "BuggyUITests" */;
			buildPhases = (
				34D76B40246918FB0064342D /* Sources */,
				34D76B41246918FB0064342D /* Frameworks */,
				34D76B42246918FB0064342D /* Resources */,
			);
			buildRules = (
			);
			dependencies = (
				34D76B46246918FB0064342D /* PBXTargetDependency */,
			);
			name = BuggyUITests;
			productName = BuggyUITests;
			productReference = 34D76B44246918FB0064342D /* BuggyUITests.xctest */;
			productType = "com.apple.product-type.bundle.ui-testing";
		};
/* End PBXNativeTarget section */

/* Begin PBXProject section */
		34D76B1B246918F70064342D /* Project object */ = {
			isa = PBXProject;
			attributes = {
				LastSwiftUpdateCheck = 1140;
				LastUpgradeCheck = 1140;
				ORGANIZATIONNAME = SXC;
				TargetAttributes = {
					34D76B22246918F70064342D = {
						CreatedOnToolsVersion = 11.4;
					};
					34D76B38246918FB0064342D = {
						CreatedOnToolsVersion = 11.4;
						TestTargetID = 34D76B22246918F70064342D;
					};
					34D76B43246918FB0064342D = {
						CreatedOnToolsVersion = 11.4;
						TestTargetID = 34D76B22246918F70064342D;
					};
				};
			};
			buildConfigurationList = 34D76B1E246918F70064342D /* Build configuration list for PBXProject "Buggy" */;
			compatibilityVersion = "Xcode 9.3";
			developmentRegion = en;
			hasScannedForEncodings = 0;
			knownRegions = (
				en,
				Base,
			);
			mainGroup = 34D76B1A246918F70064342D;
			productRefGroup = 34D76B24246918F70064342D /* Products */;
			projectDirPath = "";
			projectRoot = "";
			targets = (
				34D76B22246918F70064342D /* Buggy */,
				34D76B38246918FB0064342D /* BuggyTests */,
				34D76B43246918FB0064342D /* BuggyUITests */,
			);
		};
/* End PBXProject section */

/* Begin PBXResourcesBuildPhase section */
		34D76B21246918F70064342D /* Resources */ = {
			isa = PBXResourcesBuildPhase;
			buildActionMask = 2147483647;
			files = (
				34D76B33246918FA0064342D /* LaunchScreen.storyboard in Resources */,
				34D76B30246918FA0064342D /* Assets.xcassets in Resources */,
				34D76B2E246918F70064342D /* Main.storyboard in Resources */,
			);
			runOnlyForDeploymentPostprocessing = 0;
		};
		34D76B37246918FB0064342D /* Resources */ = {
			isa = PBXResourcesBuildPhase;
			buildActionMask = 2147483647;
			files = (
			);
			runOnlyForDeploymentPostprocessing = 0;
		};
		34D76B42246918FB0064342D /* Resources */ = {
			isa = PBXResourcesBuildPhase;
			buildActionMask = 2147483647;
			files = (
			);
			runOnlyForDeploymentPostprocessing = 0;
		};
/* End PBXResourcesBuildPhase section */

/* Begin PBXSourcesBuildPhase section */
		34D76B1F246918F70064342D /* Sources */ = {
			isa = PBXSourcesBuildPhase;
			buildActionMask = 2147483647;
			files = (
				34D76B2B246918F70064342D /* ViewController.swift in Sources */,
				34D76B27246918F70064342D /* AppDelegate.swift in Sources */,
				34D76B29246918F70064342D /* SceneDelegate.swift in Sources */,
			);
			runOnlyForDeploymentPostprocessing = 0;
		};
		34D76B35246918FB0064342D /* Sources */ = {
			isa = PBXSourcesBuildPhase;
			buildActionMask = 2147483647;
			files = (
				34D76B3E246918FB0064342D /* BuggyTests.swift in Sources */,
			);
			runOnlyForDeploymentPostprocessing = 0;
		};
		34D76B40246918FB0064342D /* Sources */ = {
			isa = PBXSourcesBuildPhase;
			buildActionMask = 2147483647;
			files = (
				34D76B49246918FB0064342D /* BuggyUITests.swift in Sources */,
			);
			runOnlyForDeploymentPostprocessing = 0;
		};
/* End PBXSourcesBuildPhase section */

/* Begin PBXTargetDependency section */
		34D76B3B246918FB0064342D /* PBXTargetDependency */ = {
			isa = PBXTargetDependency;
			target = 34D76B22246918F70064342D /* Buggy */;
			targetProxy = 34D76B3A246918FB0064342D /* PBXContainerItemProxy */;
		};
		34D76B46246918FB0064342D /* PBXTargetDependency */ = {
			isa = PBXTargetDependency;
			target = 34D76B22246918F70064342D /* Buggy */;
			targetProxy = 34D76B45246918FB0064342D /* PBXContainerItemProxy */;
		};
/* End PBXTargetDependency section */

/* Begin PBXVariantGroup section */
		34D76B2C246918F70064342D /* Main.storyboard */ = {
			isa = PBXVariantGroup;
			children = (
				34D76B2D246918F70064342D /* Base */,
			);
			name = Main.storyboard;
			sourceTree = "<group>";
		};
		34D76B31246918FA0064342D /* LaunchScreen.storyboard */ = {
			isa = PBXVariantGroup;
			children = (
				34D76B32246918FA0064342D /* Base */,
			);
			name = LaunchScreen.storyboard;
			sourceTree = "<group>";
		};
/* End PBXVariantGroup section */

/* Begin XCBuildConfiguration section */
		34D76B4B246918FB0064342D /* Debug */ = {
			isa = XCBuildConfiguration;
			buildSettings = {
				ALWAYS_SEARCH_USER_PATHS = NO;
				CLANG_ANALYZER_NONNULL = YES;
				CLANG_ANALYZER_NUMBER_OBJECT_CONVERSION = YES_AGGRESSIVE;
				CLANG_CXX_LANGUAGE_STANDARD = "gnu++14";
				CLANG_CXX_LIBRARY = "libc++";
				CLANG_ENABLE_MODULES = YES;
				CLANG_ENABLE_OBJC_ARC = YES;
				CLANG_ENABLE_OBJC_WEAK = YES;
				CLANG_WARN_BLOCK_CAPTURE_AUTORELEASING = YES;
				CLANG_WARN_BOOL_CONVERSION = YES;
				CLANG_WARN_COMMA = YES;
				CLANG_WARN_CONSTANT_CONVERSION = YES;
				CLANG_WARN_DEPRECATED_OBJC_IMPLEMENTATIONS = YES;
				CLANG_WARN_DIRECT_OBJC_ISA_USAGE = YES_ERROR;
				CLANG_WARN_DOCUMENTATION_COMMENTS = YES;
				CLANG_WARN_EMPTY_BODY = YES;
				CLANG_WARN_ENUM_CONVERSION = YES;
				CLANG_WARN_INFINITE_RECURSION = YES;
				CLANG_WARN_INT_CONVERSION = YES;
				CLANG_WARN_NON_LITERAL_NULL_CONVERSION = YES;
				CLANG_WARN_OBJC_IMPLICIT_RETAIN_SELF = YES;
				CLANG_WARN_OBJC_LITERAL_CONVERSION = YES;
				CLANG_WARN_OBJC_ROOT_CLASS = YES_ERROR;
				CLANG_WARN_RANGE_LOOP_ANALYSIS = YES;
				CLANG_WARN_STRICT_PROTOTYPES = YES;
				CLANG_WARN_SUSPICIOUS_MOVE = YES;
				CLANG_WARN_UNGUARDED_AVAILABILITY = YES_AGGRESSIVE;
				CLANG_WARN_UNREACHABLE_CODE = YES;
				CLANG_WARN__DUPLICATE_METHOD_MATCH = YES;
				COPY_PHASE_STRIP = NO;
				DEBUG_INFORMATION_FORMAT = dwarf;
				ENABLE_STRICT_OBJC_MSGSEND = YES;
				ENABLE_TESTABILITY = YES;
				GCC_C_LANGUAGE_STANDARD = gnu11;
				GCC_DYNAMIC_NO_PIC = NO;
				GCC_NO_COMMON_BLOCKS = YES;
				GCC_OPTIMIZATION_LEVEL = 0;
				GCC_PREPROCESSOR_DEFINITIONS = (
					"DEBUG=1",
					"$(inherited)",
				);
				GCC_WARN_64_TO_32_BIT_CONVERSION = YES;
				GCC_WARN_ABOUT_RETURN_TYPE = YES_ERROR;
				GCC_WARN_UNDECLARED_SELECTOR = YES;
				GCC_WARN_UNINITIALIZED_AUTOS = YES_AGGRESSIVE;
				GCC_WARN_UNUSED_FUNCTION = YES;
				GCC_WARN_UNUSED_VARIABLE = YES;
				IPHONEOS_DEPLOYMENT_TARGET = 13.4;
				MTL_ENABLE_DEBUG_INFO = INCLUDE_SOURCE;
				MTL_FAST_MATH = YES;
				ONLY_ACTIVE_ARCH = YES;
				SDKROOT = iphoneos;
				SWIFT_ACTIVE_COMPILATION_CONDITIONS = DEBUG;
				SWIFT_OPTIMIZATION_LEVEL = "-Onone";
			};
			name = Debug;
		};
		34D76B4C246918FB0064342D /* Release */ = {
			isa = XCBuildConfiguration;
			buildSettings = {
				ALWAYS_SEARCH_USER_PATHS = NO;
				CLANG_ANALYZER_NONNULL = YES;
				CLANG_ANALYZER_NUMBER_OBJECT_CONVERSION = YES_AGGRESSIVE;
				CLANG_CXX_LANGUAGE_STANDARD = "gnu++14";
				CLANG_CXX_LIBRARY = "libc++";
				CLANG_ENABLE_MODULES = YES;
				CLANG_ENABLE_OBJC_ARC = YES;
				CLANG_ENABLE_OBJC_WEAK = YES;
				CLANG_WARN_BLOCK_CAPTURE_AUTORELEASING = YES;
				CLANG_WARN_BOOL_CONVERSION = YES;
				CLANG_WARN_COMMA = YES;
				CLANG_WARN_CONSTANT_CONVERSION = YES;
				CLANG_WARN_DEPRECATED_OBJC_IMPLEMENTATIONS = YES;
				CLANG_WARN_DIRECT_OBJC_ISA_USAGE = YES_ERROR;
				CLANG_WARN_DOCUMENTATION_COMMENTS = YES;
				CLANG_WARN_EMPTY_BODY = YES;
				CLANG_WARN_ENUM_CONVERSION = YES;
				CLANG_WARN_INFINITE_RECURSION = YES;
				CLANG_WARN_INT_CONVERSION = YES;
				CLANG_WARN_NON_LITERAL_NULL_CONVERSION = YES;
				CLANG_WARN_OBJC_IMPLICIT_RETAIN_SELF = YES;
				CLANG_WARN_OBJC_LITERAL_CONVERSION = YES;
				CLANG_WARN_OBJC_ROOT_CLASS = YES_ERROR;
				CLANG_WARN_RANGE_LOOP_ANALYSIS = YES;
				CLANG_WARN_STRICT_PROTOTYPES = YES;
				CLANG_WARN_SUSPICIOUS_MOVE = YES;
				CLANG_WARN_UNGUARDED_AVAILABILITY = YES_AGGRESSIVE;
				CLANG_WARN_UNREACHABLE_CODE = YES;
				CLANG_WARN__DUPLICATE_METHOD_MATCH = YES;
				COPY_PHASE_STRIP = NO;
				DEBUG_INFORMATION_FORMAT = "dwarf-with-dsym";
				ENABLE_NS_ASSERTIONS = NO;
				ENABLE_STRICT_OBJC_MSGSEND = YES;
				GCC_C_LANGUAGE_STANDARD = gnu11;
				GCC_NO_COMMON_BLOCKS = YES;
				GCC_WARN_64_TO_32_BIT_CONVERSION = YES;
				GCC_WARN_ABOUT_RETURN_TYPE = YES_ERROR;
				GCC_WARN_UNDECLARED_SELECTOR = YES;
				GCC_WARN_UNINITIALIZED_AUTOS = YES_AGGRESSIVE;
				GCC_WARN_UNUSED_FUNCTION = YES;
				GCC_WARN_UNUSED_VARIABLE = YES;
				IPHONEOS_DEPLOYMENT_TARGET = 13.4;
				MTL_ENABLE_DEBUG_INFO = NO;
				MTL_FAST_MATH = YES;
				SDKROOT = iphoneos;
				SWIFT_COMPILATION_MODE = wholemodule;
				SWIFT_OPTIMIZATION_LEVEL = "-O";
				VALIDATE_PRODUCT = YES;
			};
			name = Release;
		};
		34D76B4E246918FB0064342D /* Debug */ = {
			isa = XCBuildConfiguration;
			buildSettings = {
				ASSETCATALOG_COMPILER_APPICON_NAME = AppIcon;
				CODE_SIGN_STYLE = Automatic;
				DEVELOPMENT_TEAM = SX2P37942F;
				INFOPLIST_FILE = Buggy/Info.plist;
				LD_RUNPATH_SEARCH_PATHS = (
					"$(inherited)",
					"@executable_path/Frameworks",
				);
				PRODUCT_BUNDLE_IDENTIFIER = com.shenxiaochun.Buggy;
				PRODUCT_NAME = "$(TARGET_NAME)";
				SWIFT_VERSION = 5.0;
				TARGETED_DEVICE_FAMILY = "1,2";
			};
			name = Debug;
		};
		34D76B4F246918FB0064342D /* Release */ = {
			isa = XCBuildConfiguration;
			buildSettings = {
				ASSETCATALOG_COMPILER_APPICON_NAME = AppIcon;
				CODE_SIGN_STYLE = Automatic;
				DEVELOPMENT_TEAM = SX2P37942F;
				INFOPLIST_FILE = Buggy/Info.plist;
				LD_RUNPATH_SEARCH_PATHS = (
					"$(inherited)",
					"@executable_path/Frameworks",
				);
				PRODUCT_BUNDLE_IDENTIFIER = com.shenxiaochun.Buggy;
				PRODUCT_NAME = "$(TARGET_NAME)";
				SWIFT_VERSION = 5.0;
				TARGETED_DEVICE_FAMILY = "1,2";
			};
			name = Release;
		};
		34D76B51246918FB0064342D /* Debug */ = {
			isa = XCBuildConfiguration;
			buildSettings = {
				ALWAYS_EMBED_SWIFT_STANDARD_LIBRARIES = YES;
				BUNDLE_LOADER = "$(TEST_HOST)";
				CODE_SIGN_STYLE = Automatic;
				DEVELOPMENT_TEAM = SX2P37942F;
				INFOPLIST_FILE = BuggyTests/Info.plist;
				IPHONEOS_DEPLOYMENT_TARGET = 13.4;
				LD_RUNPATH_SEARCH_PATHS = (
					"$(inherited)",
					"@executable_path/Frameworks",
					"@loader_path/Frameworks",
				);
				PRODUCT_BUNDLE_IDENTIFIER = com.shenxiaochun.BuggyTests;
				PRODUCT_NAME = "$(TARGET_NAME)";
				SWIFT_VERSION = 5.0;
				TARGETED_DEVICE_FAMILY = "1,2";
				TEST_HOST = "$(BUILT_PRODUCTS_DIR)/Buggy.app/Buggy";
			};
			name = Debug;
		};
		34D76B52246918FB0064342D /* Release */ = {
			isa = XCBuildConfiguration;
			buildSettings = {
				ALWAYS_EMBED_SWIFT_STANDARD_LIBRARIES = YES;
				BUNDLE_LOADER = "$(TEST_HOST)";
				CODE_SIGN_STYLE = Automatic;
				DEVELOPMENT_TEAM = SX2P37942F;
				INFOPLIST_FILE = BuggyTests/Info.plist;
				IPHONEOS_DEPLOYMENT_TARGET = 13.4;
				LD_RUNPATH_SEARCH_PATHS = (
					"$(inherited)",
					"@executable_path/Frameworks",
					"@loader_path/Frameworks",
				);
				PRODUCT_BUNDLE_IDENTIFIER = com.shenxiaochun.BuggyTests;
				PRODUCT_NAME = "$(TARGET_NAME)";
				SWIFT_VERSION = 5.0;
				TARGETED_DEVICE_FAMILY = "1,2";
				TEST_HOST = "$(BUILT_PRODUCTS_DIR)/Buggy.app/Buggy";
			};
			name = Release;
		};
		34D76B54246918FB0064342D /* Debug */ = {
			isa = XCBuildConfiguration;
			buildSettings = {
				ALWAYS_EMBED_SWIFT_STANDARD_LIBRARIES = YES;
				CODE_SIGN_STYLE = Automatic;
				DEVELOPMENT_TEAM = SX2P37942F;
				INFOPLIST_FILE = BuggyUITests/Info.plist;
				LD_RUNPATH_SEARCH_PATHS = (
					"$(inherited)",
					"@executable_path/Frameworks",
					"@loader_path/Frameworks",
				);
				PRODUCT_BUNDLE_IDENTIFIER = com.shenxiaochun.BuggyUITests;
				PRODUCT_NAME = "$(TARGET_NAME)";
				SWIFT_VERSION = 5.0;
				TARGETED_DEVICE_FAMILY = "1,2";
				TEST_TARGET_NAME = Buggy;
			};
			name = Debug;
		};
		34D76B55246918FB0064342D /* Release */ = {
			isa = XCBuildConfiguration;
			buildSettings = {
				ALWAYS_EMBED_SWIFT_STANDARD_LIBRARIES = YES;
				CODE_SIGN_STYLE = Automatic;
				DEVELOPMENT_TEAM = SX2P37942F;
				INFOPLIST_FILE = BuggyUITests/Info.plist;
				LD_RUNPATH_SEARCH_PATHS = (
					"$(inherited)",
					"@executable_path/Frameworks",
					"@loader_path/Frameworks",
				);
				PRODUCT_BUNDLE_IDENTIFIER = com.shenxiaochun.BuggyUITests;
				PRODUCT_NAME = "$(TARGET_NAME)";
				SWIFT_VERSION = 5.0;
				TARGETED_DEVICE_FAMILY = "1,2";
				TEST_TARGET_NAME = Buggy;
			};
			name = Release;
		};
/* End XCBuildConfiguration section */

/* Begin XCConfigurationList section */
		34D76B1E246918F70064342D /* Build configuration list for PBXProject "Buggy" */ = {
			isa = XCConfigurationList;
			buildConfigurations = (
				34D76B4B246918FB0064342D /* Debug */,
				34D76B4C246918FB0064342D /* Release */,
			);
			defaultConfigurationIsVisible = 0;
			defaultConfigurationName = Release;
		};
		34D76B4D246918FB0064342D /* Build configuration list for PBXNativeTarget "Buggy" */ = {
			isa = XCConfigurationList;
			buildConfigurations = (
				34D76B4E246918FB0064342D /* Debug */,
				34D76B4F246918FB0064342D /* Release */,
			);
			defaultConfigurationIsVisible = 0;
			defaultConfigurationName = Release;
		};
		34D76B50246918FB0064342D /* Build configuration list for PBXNativeTarget "BuggyTests" */ = {
			isa = XCConfigurationList;
			buildConfigurations = (
				34D76B51246918FB0064342D /* Debug */,
				34D76B52246918FB0064342D /* Release */,
			);
			defaultConfigurationIsVisible = 0;
			defaultConfigurationName = Release;
		};
		34D76B53246918FB0064342D /* Build configuration list for PBXNativeTarget "BuggyUITests" */ = {
			isa = XCConfigurationList;
			buildConfigurations = (
				34D76B54246918FB0064342D /* Debug */,
				34D76B55246918FB0064342D /* Release */,
			);
			defaultConfigurationIsVisible = 0;
			defaultConfigurationName = Release;
		};
/* End XCConfigurationList section */
	};
	rootObject = 34D76B1B246918F70064342D /* Project object */;
}
