// !$*UTF8*$!
{
	archiveVersion = 1;
	classes = {
	};
	objectVersion = 50;
	objects = {

/* Begin PBXBuildFile section */
		34476B032474BD1A00D14CB4 /* AppDelegate.swift in Sources */ = {isa = PBXBuildFile; fileRef = 34476B022474BD1A00D14CB4 /* AppDelegate.swift */; };
		34476B052474BD1A00D14CB4 /* SceneDelegate.swift in Sources */ = {isa = PBXBuildFile; fileRef = 34476B042474BD1A00D14CB4 /* SceneDelegate.swift */; };
		34476B072474BD1A00D14CB4 /* PhotosViewController.swift in Sources */ = {isa = PBXBuildFile; fileRef = 34476B062474BD1A00D14CB4 /* PhotosViewController.swift */; };
		34476B0A2474BD1A00D14CB4 /* Main.storyboard in Resources */ = {isa = PBXBuildFile; fileRef = 34476B082474BD1A00D14CB4 /* Main.storyboard */; };
		34476B0C2474BD1E00D14CB4 /* Assets.xcassets in Resources */ = {isa = PBXBuildFile; fileRef = 34476B0B2474BD1E00D14CB4 /* Assets.xcassets */; };
		34476B0F2474BD1E00D14CB4 /* LaunchScreen.storyboard in Resources */ = {isa = PBXBuildFile; fileRef = 34476B0D2474BD1E00D14CB4 /* LaunchScreen.storyboard */; };
		34476B1A2474BD1E00D14CB4 /* PhotoramaTests.swift in Sources */ = {isa = PBXBuildFile; fileRef = 34476B192474BD1E00D14CB4 /* PhotoramaTests.swift */; };
		34476B252474BD1E00D14CB4 /* PhotoramaUITests.swift in Sources */ = {isa = PBXBuildFile; fileRef = 34476B242474BD1E00D14CB4 /* PhotoramaUITests.swift */; };
/* End PBXBuildFile section */

/* Begin PBXContainerItemProxy section */
		34476B162474BD1E00D14CB4 /* PBXContainerItemProxy */ = {
			isa = PBXContainerItemProxy;
			containerPortal = 34476AF72474BD1A00D14CB4 /* Project object */;
			proxyType = 1;
			remoteGlobalIDString = 34476AFE2474BD1A00D14CB4;
			remoteInfo = Photorama;
		};
		34476B212474BD1E00D14CB4 /* PBXContainerItemProxy */ = {
			isa = PBXContainerItemProxy;
			containerPortal = 34476AF72474BD1A00D14CB4 /* Project object */;
			proxyType = 1;
			remoteGlobalIDString = 34476AFE2474BD1A00D14CB4;
			remoteInfo = Photorama;
		};
/* End PBXContainerItemProxy section */

/* Begin PBXFileReference section */
		34476AFF2474BD1A00D14CB4 /* Photorama.app */ = {isa = PBXFileReference; explicitFileType = wrapper.application; includeInIndex = 0; path = Photorama.app; sourceTree = BUILT_PRODUCTS_DIR; };
		34476B022474BD1A00D14CB4 /* AppDelegate.swift */ = {isa = PBXFileReference; lastKnownFileType = sourcecode.swift; path = AppDelegate.swift; sourceTree = "<group>"; };
		34476B042474BD1A00D14CB4 /* SceneDelegate.swift */ = {isa = PBXFileReference; lastKnownFileType = sourcecode.swift; path = SceneDelegate.swift; sourceTree = "<group>"; };
		34476B062474BD1A00D14CB4 /* PhotosViewController.swift */ = {isa = PBXFileReference; lastKnownFileType = sourcecode.swift; path = PhotosViewController.swift; sourceTree = "<group>"; };
		34476B092474BD1A00D14CB4 /* Base */ = {isa = PBXFileReference; lastKnownFileType = file.storyboard; name = Base; path = Base.lproj/Main.storyboard; sourceTree = "<group>"; };
		34476B0B2474BD1E00D14CB4 /* Assets.xcassets */ = {isa = PBXFileReference; lastKnownFileType = folder.assetcatalog; path = Assets.xcassets; sourceTree = "<group>"; };
		34476B0E2474BD1E00D14CB4 /* Base */ = {isa = PBXFileReference; lastKnownFileType = file.storyboard; name = Base; path = Base.lproj/LaunchScreen.storyboard; sourceTree = "<group>"; };
		34476B102474BD1E00D14CB4 /* Info.plist */ = {isa = PBXFileReference; lastKnownFileType = text.plist.xml; path = Info.plist; sourceTree = "<group>"; };
		34476B152474BD1E00D14CB4 /* PhotoramaTests.xctest */ = {isa = PBXFileReference; explicitFileType = wrapper.cfbundle; includeInIndex = 0; path = PhotoramaTests.xctest; sourceTree = BUILT_PRODUCTS_DIR; };
		34476B192474BD1E00D14CB4 /* PhotoramaTests.swift */ = {isa = PBXFileReference; lastKnownFileType = sourcecode.swift; path = PhotoramaTests.swift; sourceTree = "<group>"; };
		34476B1B2474BD1E00D14CB4 /* Info.plist */ = {isa = PBXFileReference; lastKnownFileType = text.plist.xml; path = Info.plist; sourceTree = "<group>"; };
		34476B202474BD1E00D14CB4 /* PhotoramaUITests.xctest */ = {isa = PBXFileReference; explicitFileType = wrapper.cfbundle; includeInIndex = 0; path = PhotoramaUITests.xctest; sourceTree = BUILT_PRODUCTS_DIR; };
		34476B242474BD1E00D14CB4 /* PhotoramaUITests.swift */ = {isa = PBXFileReference; lastKnownFileType = sourcecode.swift; path = PhotoramaUITests.swift; sourceTree = "<group>"; };
		34476B262474BD1E00D14CB4 /* Info.plist */ = {isa = PBXFileReference; lastKnownFileType = text.plist.xml; path = Info.plist; sourceTree = "<group>"; };
/* End PBXFileReference section */

/* Begin PBXFrameworksBuildPhase section */
		34476AFC2474BD1A00D14CB4 /* Frameworks */ = {
			isa = PBXFrameworksBuildPhase;
			buildActionMask = 2147483647;
			files = (
			);
			runOnlyForDeploymentPostprocessing = 0;
		};
		34476B122474BD1E00D14CB4 /* Frameworks */ = {
			isa = PBXFrameworksBuildPhase;
			buildActionMask = 2147483647;
			files = (
			);
			runOnlyForDeploymentPostprocessing = 0;
		};
		34476B1D2474BD1E00D14CB4 /* Frameworks */ = {
			isa = PBXFrameworksBuildPhase;
			buildActionMask = 2147483647;
			files = (
			);
			runOnlyForDeploymentPostprocessing = 0;
		};
/* End PBXFrameworksBuildPhase section */

/* Begin PBXGroup section */
		34476AF62474BD1A00D14CB4 = {
			isa = PBXGroup;
			children = (
				34476B012474BD1A00D14CB4 /* Photorama */,
				34476B182474BD1E00D14CB4 /* PhotoramaTests */,
				34476B232474BD1E00D14CB4 /* PhotoramaUITests */,
				34476B002474BD1A00D14CB4 /* Products */,
			);
			sourceTree = "<group>";
		};
		34476B002474BD1A00D14CB4 /* Products */ = {
			isa = PBXGroup;
			children = (
				34476AFF2474BD1A00D14CB4 /* Photorama.app */,
				34476B152474BD1E00D14CB4 /* PhotoramaTests.xctest */,
				34476B202474BD1E00D14CB4 /* PhotoramaUITests.xctest */,
			);
			name = Products;
			sourceTree = "<group>";
		};
		34476B012474BD1A00D14CB4 /* Photorama */ = {
			isa = PBXGroup;
			children = (
				34476B022474BD1A00D14CB4 /* AppDelegate.swift */,
				34476B042474BD1A00D14CB4 /* SceneDelegate.swift */,
				34476B062474BD1A00D14CB4 /* PhotosViewController.swift */,
				34476B082474BD1A00D14CB4 /* Main.storyboard */,
				34476B0B2474BD1E00D14CB4 /* Assets.xcassets */,
				34476B0D2474BD1E00D14CB4 /* LaunchScreen.storyboard */,
				34476B102474BD1E00D14CB4 /* Info.plist */,
			);
			path = Photorama;
			sourceTree = "<group>";
		};
		34476B182474BD1E00D14CB4 /* PhotoramaTests */ = {
			isa = PBXGroup;
			children = (
				34476B192474BD1E00D14CB4 /* PhotoramaTests.swift */,
				34476B1B2474BD1E00D14CB4 /* Info.plist */,
			);
			path = PhotoramaTests;
			sourceTree = "<group>";
		};
		34476B232474BD1E00D14CB4 /* PhotoramaUITests */ = {
			isa = PBXGroup;
			children = (
				34476B242474BD1E00D14CB4 /* PhotoramaUITests.swift */,
				34476B262474BD1E00D14CB4 /* Info.plist */,
			);
			path = PhotoramaUITests;
			sourceTree = "<group>";
		};
/* End PBXGroup section */

/* Begin PBXNativeTarget section */
		34476AFE2474BD1A00D14CB4 /* Photorama */ = {
			isa = PBXNativeTarget;
			buildConfigurationList = 34476B292474BD1E00D14CB4 /* Build configuration list for PBXNativeTarget "Photorama" */;
			buildPhases = (
				34476AFB2474BD1A00D14CB4 /* Sources */,
				34476AFC2474BD1A00D14CB4 /* Frameworks */,
				34476AFD2474BD1A00D14CB4 /* Resources */,
			);
			buildRules = (
			);
			dependencies = (
			);
			name = Photorama;
			productName = Photorama;
			productReference = 34476AFF2474BD1A00D14CB4 /* Photorama.app */;
			productType = "com.apple.product-type.application";
		};
		34476B142474BD1E00D14CB4 /* PhotoramaTests */ = {
			isa = PBXNativeTarget;
			buildConfigurationList = 34476B2C2474BD1E00D14CB4 /* Build configuration list for PBXNativeTarget "PhotoramaTests" */;
			buildPhases = (
				34476B112474BD1E00D14CB4 /* Sources */,
				34476B122474BD1E00D14CB4 /* Frameworks */,
				34476B132474BD1E00D14CB4 /* Resources */,
			);
			buildRules = (
			);
			dependencies = (
				34476B172474BD1E00D14CB4 /* PBXTargetDependency */,
			);
			name = PhotoramaTests;
			productName = PhotoramaTests;
			productReference = 34476B152474BD1E00D14CB4 /* PhotoramaTests.xctest */;
			productType = "com.apple.product-type.bundle.unit-test";
		};
		34476B1F2474BD1E00D14CB4 /* PhotoramaUITests */ = {
			isa = PBXNativeTarget;
			buildConfigurationList = 34476B2F2474BD1E00D14CB4 /* Build configuration list for PBXNativeTarget "PhotoramaUITests" */;
			buildPhases = (
				34476B1C2474BD1E00D14CB4 /* Sources */,
				34476B1D2474BD1E00D14CB4 /* Frameworks */,
				34476B1E2474BD1E00D14CB4 /* Resources */,
			);
			buildRules = (
			);
			dependencies = (
				34476B222474BD1E00D14CB4 /* PBXTargetDependency */,
			);
			name = PhotoramaUITests;
			productName = PhotoramaUITests;
			productReference = 34476B202474BD1E00D14CB4 /* PhotoramaUITests.xctest */;
			productType = "com.apple.product-type.bundle.ui-testing";
		};
/* End PBXNativeTarget section */

/* Begin PBXProject section */
		34476AF72474BD1A00D14CB4 /* Project object */ = {
			isa = PBXProject;
			attributes = {
				LastSwiftUpdateCheck = 1140;
				LastUpgradeCheck = 1140;
				ORGANIZATIONNAME = SXC;
				TargetAttributes = {
					34476AFE2474BD1A00D14CB4 = {
						CreatedOnToolsVersion = 11.4;
					};
					34476B142474BD1E00D14CB4 = {
						CreatedOnToolsVersion = 11.4;
						TestTargetID = 34476AFE2474BD1A00D14CB4;
					};
					34476B1F2474BD1E00D14CB4 = {
						CreatedOnToolsVersion = 11.4;
						TestTargetID = 34476AFE2474BD1A00D14CB4;
					};
				};
			};
			buildConfigurationList = 34476AFA2474BD1A00D14CB4 /* Build configuration list for PBXProject "Photorama" */;
			compatibilityVersion = "Xcode 9.3";
			developmentRegion = en;
			hasScannedForEncodings = 0;
			knownRegions = (
				en,
				Base,
			);
			mainGroup = 34476AF62474BD1A00D14CB4;
			productRefGroup = 34476B002474BD1A00D14CB4 /* Products */;
			projectDirPath = "";
			projectRoot = "";
			targets = (
				34476AFE2474BD1A00D14CB4 /* Photorama */,
				34476B142474BD1E00D14CB4 /* PhotoramaTests */,
				34476B1F2474BD1E00D14CB4 /* PhotoramaUITests */,
			);
		};
/* End PBXProject section */

/* Begin PBXResourcesBuildPhase section */
		34476AFD2474BD1A00D14CB4 /* Resources */ = {
			isa = PBXResourcesBuildPhase;
			buildActionMask = 2147483647;
			files = (
				34476B0F2474BD1E00D14CB4 /* LaunchScreen.storyboard in Resources */,
				34476B0C2474BD1E00D14CB4 /* Assets.xcassets in Resources */,
				34476B0A2474BD1A00D14CB4 /* Main.storyboard in Resources */,
			);
			runOnlyForDeploymentPostprocessing = 0;
		};
		34476B132474BD1E00D14CB4 /* Resources */ = {
			isa = PBXResourcesBuildPhase;
			buildActionMask = 2147483647;
			files = (
			);
			runOnlyForDeploymentPostprocessing = 0;
		};
		34476B1E2474BD1E00D14CB4 /* Resources */ = {
			isa = PBXResourcesBuildPhase;
			buildActionMask = 2147483647;
			files = (
			);
			runOnlyForDeploymentPostprocessing = 0;
		};
/* End PBXResourcesBuildPhase section */

/* Begin PBXSourcesBuildPhase section */
		34476AFB2474BD1A00D14CB4 /* Sources */ = {
			isa = PBXSourcesBuildPhase;
			buildActionMask = 2147483647;
			files = (
				34476B072474BD1A00D14CB4 /* PhotosViewController.swift in Sources */,
				34476B032474BD1A00D14CB4 /* AppDelegate.swift in Sources */,
				34476B052474BD1A00D14CB4 /* SceneDelegate.swift in Sources */,
			);
			runOnlyForDeploymentPostprocessing = 0;
		};
		34476B112474BD1E00D14CB4 /* Sources */ = {
			isa = PBXSourcesBuildPhase;
			buildActionMask = 2147483647;
			files = (
				34476B1A2474BD1E00D14CB4 /* PhotoramaTests.swift in Sources */,
			);
			runOnlyForDeploymentPostprocessing = 0;
		};
		34476B1C2474BD1E00D14CB4 /* Sources */ = {
			isa = PBXSourcesBuildPhase;
			buildActionMask = 2147483647;
			files = (
				34476B252474BD1E00D14CB4 /* PhotoramaUITests.swift in Sources */,
			);
			runOnlyForDeploymentPostprocessing = 0;
		};
/* End PBXSourcesBuildPhase section */

/* Begin PBXTargetDependency section */
		34476B172474BD1E00D14CB4 /* PBXTargetDependency */ = {
			isa = PBXTargetDependency;
			target = 34476AFE2474BD1A00D14CB4 /* Photorama */;
			targetProxy = 34476B162474BD1E00D14CB4 /* PBXContainerItemProxy */;
		};
		34476B222474BD1E00D14CB4 /* PBXTargetDependency */ = {
			isa = PBXTargetDependency;
			target = 34476AFE2474BD1A00D14CB4 /* Photorama */;
			targetProxy = 34476B212474BD1E00D14CB4 /* PBXContainerItemProxy */;
		};
/* End PBXTargetDependency section */

/* Begin PBXVariantGroup section */
		34476B082474BD1A00D14CB4 /* Main.storyboard */ = {
			isa = PBXVariantGroup;
			children = (
				34476B092474BD1A00D14CB4 /* Base */,
			);
			name = Main.storyboard;
			sourceTree = "<group>";
		};
		34476B0D2474BD1E00D14CB4 /* LaunchScreen.storyboard */ = {
			isa = PBXVariantGroup;
			children = (
				34476B0E2474BD1E00D14CB4 /* Base */,
			);
			name = LaunchScreen.storyboard;
			sourceTree = "<group>";
		};
/* End PBXVariantGroup section */

/* Begin XCBuildConfiguration section */
		34476B272474BD1E00D14CB4 /* Debug */ = {
			isa = XCBuildConfiguration;
			buildSettings = {
				ALWAYS_SEARCH_USER_PATHS = NO;
				CLANG_ANALYZER_NONNULL = YES;
				CLANG_ANALYZER_NUMBER_OBJECT_CONVERSION = YES_AGGRESSIVE;
				CLANG_CXX_LANGUAGE_STANDARD = "gnu++14";
				CLANG_CXX_LIBRARY = "libc++";
				CLANG_ENABLE_MODULES = YES;
				CLANG_ENABLE_OBJC_ARC = YES;
				CLANG_ENABLE_OBJC_WEAK = YES;
				CLANG_WARN_BLOCK_CAPTURE_AUTORELEASING = YES;
				CLANG_WARN_BOOL_CONVERSION = YES;
				CLANG_WARN_COMMA = YES;
				CLANG_WARN_CONSTANT_CONVERSION = YES;
				CLANG_WARN_DEPRECATED_OBJC_IMPLEMENTATIONS = YES;
				CLANG_WARN_DIRECT_OBJC_ISA_USAGE = YES_ERROR;
				CLANG_WARN_DOCUMENTATION_COMMENTS = YES;
				CLANG_WARN_EMPTY_BODY = YES;
				CLANG_WARN_ENUM_CONVERSION = YES;
				CLANG_WARN_INFINITE_RECURSION = YES;
				CLANG_WARN_INT_CONVERSION = YES;
				CLANG_WARN_NON_LITERAL_NULL_CONVERSION = YES;
				CLANG_WARN_OBJC_IMPLICIT_RETAIN_SELF = YES;
				CLANG_WARN_OBJC_LITERAL_CONVERSION = YES;
				CLANG_WARN_OBJC_ROOT_CLASS = YES_ERROR;
				CLANG_WARN_RANGE_LOOP_ANALYSIS = YES;
				CLANG_WARN_STRICT_PROTOTYPES = YES;
				CLANG_WARN_SUSPICIOUS_MOVE = YES;
				CLANG_WARN_UNGUARDED_AVAILABILITY = YES_AGGRESSIVE;
				CLANG_WARN_UNREACHABLE_CODE = YES;
				CLANG_WARN__DUPLICATE_METHOD_MATCH = YES;
				COPY_PHASE_STRIP = NO;
				DEBUG_INFORMATION_FORMAT = dwarf;
				ENABLE_STRICT_OBJC_MSGSEND = YES;
				ENABLE_TESTABILITY = YES;
				GCC_C_LANGUAGE_STANDARD = gnu11;
				GCC_DYNAMIC_NO_PIC = NO;
				GCC_NO_COMMON_BLOCKS = YES;
				GCC_OPTIMIZATION_LEVEL = 0;
				GCC_PREPROCESSOR_DEFINITIONS = (
					"DEBUG=1",
					"$(inherited)",
				);
				GCC_WARN_64_TO_32_BIT_CONVERSION = YES;
				GCC_WARN_ABOUT_RETURN_TYPE = YES_ERROR;
				GCC_WARN_UNDECLARED_SELECTOR = YES;
				GCC_WARN_UNINITIALIZED_AUTOS = YES_AGGRESSIVE;
				GCC_WARN_UNUSED_FUNCTION = YES;
				GCC_WARN_UNUSED_VARIABLE = YES;
				IPHONEOS_DEPLOYMENT_TARGET = 13.4;
				MTL_ENABLE_DEBUG_INFO = INCLUDE_SOURCE;
				MTL_FAST_MATH = YES;
				ONLY_ACTIVE_ARCH = YES;
				SDKROOT = iphoneos;
				SWIFT_ACTIVE_COMPILATION_CONDITIONS = DEBUG;
				SWIFT_OPTIMIZATION_LEVEL = "-Onone";
			};
			name = Debug;
		};
		34476B282474BD1E00D14CB4 /* Release */ = {
			isa = XCBuildConfiguration;
			buildSettings = {
				ALWAYS_SEARCH_USER_PATHS = NO;
				CLANG_ANALYZER_NONNULL = YES;
				CLANG_ANALYZER_NUMBER_OBJECT_CONVERSION = YES_AGGRESSIVE;
				CLANG_CXX_LANGUAGE_STANDARD = "gnu++14";
				CLANG_CXX_LIBRARY = "libc++";
				CLANG_ENABLE_MODULES = YES;
				CLANG_ENABLE_OBJC_ARC = YES;
				CLANG_ENABLE_OBJC_WEAK = YES;
				CLANG_WARN_BLOCK_CAPTURE_AUTORELEASING = YES;
				CLANG_WARN_BOOL_CONVERSION = YES;
				CLANG_WARN_COMMA = YES;
				CLANG_WARN_CONSTANT_CONVERSION = YES;
				CLANG_WARN_DEPRECATED_OBJC_IMPLEMENTATIONS = YES;
				CLANG_WARN_DIRECT_OBJC_ISA_USAGE = YES_ERROR;
				CLANG_WARN_DOCUMENTATION_COMMENTS = YES;
				CLANG_WARN_EMPTY_BODY = YES;
				CLANG_WARN_ENUM_CONVERSION = YES;
				CLANG_WARN_INFINITE_RECURSION = YES;
				CLANG_WARN_INT_CONVERSION = YES;
				CLANG_WARN_NON_LITERAL_NULL_CONVERSION = YES;
				CLANG_WARN_OBJC_IMPLICIT_RETAIN_SELF = YES;
				CLANG_WARN_OBJC_LITERAL_CONVERSION = YES;
				CLANG_WARN_OBJC_ROOT_CLASS = YES_ERROR;
				CLANG_WARN_RANGE_LOOP_ANALYSIS = YES;
				CLANG_WARN_STRICT_PROTOTYPES = YES;
				CLANG_WARN_SUSPICIOUS_MOVE = YES;
				CLANG_WARN_UNGUARDED_AVAILABILITY = YES_AGGRESSIVE;
				CLANG_WARN_UNREACHABLE_CODE = YES;
				CLANG_WARN__DUPLICATE_METHOD_MATCH = YES;
				COPY_PHASE_STRIP = NO;
				DEBUG_INFORMATION_FORMAT = "dwarf-with-dsym";
				ENABLE_NS_ASSERTIONS = NO;
				ENABLE_STRICT_OBJC_MSGSEND = YES;
				GCC_C_LANGUAGE_STANDARD = gnu11;
				GCC_NO_COMMON_BLOCKS = YES;
				GCC_WARN_64_TO_32_BIT_CONVERSION = YES;
				GCC_WARN_ABOUT_RETURN_TYPE = YES_ERROR;
				GCC_WARN_UNDECLARED_SELECTOR = YES;
				GCC_WARN_UNINITIALIZED_AUTOS = YES_AGGRESSIVE;
				GCC_WARN_UNUSED_FUNCTION = YES;
				GCC_WARN_UNUSED_VARIABLE = YES;
				IPHONEOS_DEPLOYMENT_TARGET = 13.4;
				MTL_ENABLE_DEBUG_INFO = NO;
				MTL_FAST_MATH = YES;
				SDKROOT = iphoneos;
				SWIFT_COMPILATION_MODE = wholemodule;
				SWIFT_OPTIMIZATION_LEVEL = "-O";
				VALIDATE_PRODUCT = YES;
			};
			name = Release;
		};
		34476B2A2474BD1E00D14CB4 /* Debug */ = {
			isa = XCBuildConfiguration;
			buildSettings = {
				ASSETCATALOG_COMPILER_APPICON_NAME = AppIcon;
				CODE_SIGN_STYLE = Automatic;
				DEVELOPMENT_TEAM = SX2P37942F;
				INFOPLIST_FILE = Photorama/Info.plist;
				LD_RUNPATH_SEARCH_PATHS = (
					"$(inherited)",
					"@executable_path/Frameworks",
				);
				PRODUCT_BUNDLE_IDENTIFIER = com.shenxiaochun.Photorama;
				PRODUCT_NAME = "$(TARGET_NAME)";
				SWIFT_VERSION = 5.0;
				TARGETED_DEVICE_FAMILY = "1,2";
			};
			name = Debug;
		};
		34476B2B2474BD1E00D14CB4 /* Release */ = {
			isa = XCBuildConfiguration;
			buildSettings = {
				ASSETCATALOG_COMPILER_APPICON_NAME = AppIcon;
				CODE_SIGN_STYLE = Automatic;
				DEVELOPMENT_TEAM = SX2P37942F;
				INFOPLIST_FILE = Photorama/Info.plist;
				LD_RUNPATH_SEARCH_PATHS = (
					"$(inherited)",
					"@executable_path/Frameworks",
				);
				PRODUCT_BUNDLE_IDENTIFIER = com.shenxiaochun.Photorama;
				PRODUCT_NAME = "$(TARGET_NAME)";
				SWIFT_VERSION = 5.0;
				TARGETED_DEVICE_FAMILY = "1,2";
			};
			name = Release;
		};
		34476B2D2474BD1E00D14CB4 /* Debug */ = {
			isa = XCBuildConfiguration;
			buildSettings = {
				ALWAYS_EMBED_SWIFT_STANDARD_LIBRARIES = YES;
				BUNDLE_LOADER = "$(TEST_HOST)";
				CODE_SIGN_STYLE = Automatic;
				DEVELOPMENT_TEAM = SX2P37942F;
				INFOPLIST_FILE = PhotoramaTests/Info.plist;
				IPHONEOS_DEPLOYMENT_TARGET = 13.4;
				LD_RUNPATH_SEARCH_PATHS = (
					"$(inherited)",
					"@executable_path/Frameworks",
					"@loader_path/Frameworks",
				);
				PRODUCT_BUNDLE_IDENTIFIER = com.shenxiaochun.PhotoramaTests;
				PRODUCT_NAME = "$(TARGET_NAME)";
				SWIFT_VERSION = 5.0;
				TARGETED_DEVICE_FAMILY = "1,2";
				TEST_HOST = "$(BUILT_PRODUCTS_DIR)/Photorama.app/Photorama";
			};
			name = Debug;
		};
		34476B2E2474BD1E00D14CB4 /* Release */ = {
			isa = XCBuildConfiguration;
			buildSettings = {
				ALWAYS_EMBED_SWIFT_STANDARD_LIBRARIES = YES;
				BUNDLE_LOADER = "$(TEST_HOST)";
				CODE_SIGN_STYLE = Automatic;
				DEVELOPMENT_TEAM = SX2P37942F;
				INFOPLIST_FILE = PhotoramaTests/Info.plist;
				IPHONEOS_DEPLOYMENT_TARGET = 13.4;
				LD_RUNPATH_SEARCH_PATHS = (
					"$(inherited)",
					"@executable_path/Frameworks",
					"@loader_path/Frameworks",
				);
				PRODUCT_BUNDLE_IDENTIFIER = com.shenxiaochun.PhotoramaTests;
				PRODUCT_NAME = "$(TARGET_NAME)";
				SWIFT_VERSION = 5.0;
				TARGETED_DEVICE_FAMILY = "1,2";
				TEST_HOST = "$(BUILT_PRODUCTS_DIR)/Photorama.app/Photorama";
			};
			name = Release;
		};
		34476B302474BD1E00D14CB4 /* Debug */ = {
			isa = XCBuildConfiguration;
			buildSettings = {
				ALWAYS_EMBED_SWIFT_STANDARD_LIBRARIES = YES;
				CODE_SIGN_STYLE = Automatic;
				DEVELOPMENT_TEAM = SX2P37942F;
				INFOPLIST_FILE = PhotoramaUITests/Info.plist;
				LD_RUNPATH_SEARCH_PATHS = (
					"$(inherited)",
					"@executable_path/Frameworks",
					"@loader_path/Frameworks",
				);
				PRODUCT_BUNDLE_IDENTIFIER = com.shenxiaochun.PhotoramaUITests;
				PRODUCT_NAME = "$(TARGET_NAME)";
				SWIFT_VERSION = 5.0;
				TARGETED_DEVICE_FAMILY = "1,2";
				TEST_TARGET_NAME = Photorama;
			};
			name = Debug;
		};
		34476B312474BD1E00D14CB4 /* Release */ = {
			isa = XCBuildConfiguration;
			buildSettings = {
				ALWAYS_EMBED_SWIFT_STANDARD_LIBRARIES = YES;
				CODE_SIGN_STYLE = Automatic;
				DEVELOPMENT_TEAM = SX2P37942F;
				INFOPLIST_FILE = PhotoramaUITests/Info.plist;
				LD_RUNPATH_SEARCH_PATHS = (
					"$(inherited)",
					"@executable_path/Frameworks",
					"@loader_path/Frameworks",
				);
				PRODUCT_BUNDLE_IDENTIFIER = com.shenxiaochun.PhotoramaUITests;
				PRODUCT_NAME = "$(TARGET_NAME)";
				SWIFT_VERSION = 5.0;
				TARGETED_DEVICE_FAMILY = "1,2";
				TEST_TARGET_NAME = Photorama;
			};
			name = Release;
		};
/* End XCBuildConfiguration section */

/* Begin XCConfigurationList section */
		34476AFA2474BD1A00D14CB4 /* Build configuration list for PBXProject "Photorama" */ = {
			isa = XCConfigurationList;
			buildConfigurations = (
				34476B272474BD1E00D14CB4 /* Debug */,
				34476B282474BD1E00D14CB4 /* Release */,
			);
			defaultConfigurationIsVisible = 0;
			defaultConfigurationName = Release;
		};
		34476B292474BD1E00D14CB4 /* Build configuration list for PBXNativeTarget "Photorama" */ = {
			isa = XCConfigurationList;
			buildConfigurations = (
				34476B2A2474BD1E00D14CB4 /* Debug */,
				34476B2B2474BD1E00D14CB4 /* Release */,
			);
			defaultConfigurationIsVisible = 0;
			defaultConfigurationName = Release;
		};
		34476B2C2474BD1E00D14CB4 /* Build configuration list for PBXNativeTarget "PhotoramaTests" */ = {
			isa = XCConfigurationList;
			buildConfigurations = (
				34476B2D2474BD1E00D14CB4 /* Debug */,
				34476B2E2474BD1E00D14CB4 /* Release */,
			);
			defaultConfigurationIsVisible = 0;
			defaultConfigurationName = Release;
		};
		34476B2F2474BD1E00D14CB4 /* Build configuration list for PBXNativeTarget "PhotoramaUITests" */ = {
			isa = XCConfigurationList;
			buildConfigurations = (
				34476B302474BD1E00D14CB4 /* Debug */,
				34476B312474BD1E00D14CB4 /* Release */,
			);
			defaultConfigurationIsVisible = 0;
			defaultConfigurationName = Release;
		};
/* End XCConfigurationList section */
	};
	rootObject = 34476AF72474BD1A00D14CB4 /* Project object */;
}
